PODS:
  - CZPicker (0.4.3)
  - Firebase/Analytics (6.34.0):
    - Firebase/Core
  - Firebase/Core (6.34.0):
    - Firebase/CoreOnly
    - FirebaseAnalytics (= 6.9.0)
  - Firebase/CoreOnly (6.34.0):
    - FirebaseCore (= 6.10.4)
  - Firebase/Crashlytics (6.34.0):
    - Firebase/CoreOnly
    - FirebaseCrashlytics (~> 4.6.2)
  - FirebaseAnalytics (6.9.0):
    - FirebaseCore (~> 6.10)
    - FirebaseInstallations (~> 1.7)
    - GoogleAppMeasurement (= 6.9.0)
    - GoogleUtilities/AppDelegateSwizzler (~> 6.7)
    - GoogleUtilities/MethodSwizzler (~> 6.7)
    - GoogleUtilities/Network (~> 6.7)
    - "GoogleUtilities/NSData+zlib (~> 6.7)"
    - nanopb (~> 1.30906.0)
  - FirebaseCore (6.10.4):
    - FirebaseCoreDiagnostics (~> 1.6)
    - GoogleUtilities/Environment (~> 6.7)
    - GoogleUtilities/Logger (~> 6.7)
  - FirebaseCoreDiagnostics (1.7.0):
    - GoogleDataTransport (~> 7.4)
    - GoogleUtilities/Environment (~> 6.7)
    - GoogleUtilities/Logger (~> 6.7)
    - nanopb (~> 1.30906.0)
  - FirebaseCrashlytics (4.6.2):
    - FirebaseCore (~> 6.10)
    - FirebaseInstallations (~> 1.6)
    - GoogleDataTransport (~> 7.2)
    - nanopb (~> 1.30906.0)
    - PromisesObjC (~> 1.2)
  - FirebaseInstallations (1.7.0):
    - FirebaseCore (~> 6.10)
    - GoogleUtilities/Environment (~> 6.7)
    - GoogleUtilities/UserDefaults (~> 6.7)
    - PromisesObjC (~> 1.2)
  - GoogleAppMeasurement (6.9.0):
    - GoogleUtilities/AppDelegateSwizzler (~> 6.7)
    - GoogleUtilities/MethodSwizzler (~> 6.7)
    - GoogleUtilities/Network (~> 6.7)
    - "GoogleUtilities/NSData+zlib (~> 6.7)"
    - nanopb (~> 1.30906.0)
  - GoogleDataTransport (7.5.1):
    - nanopb (~> 1.30906.0)
  - GoogleUtilities/AppDelegateSwizzler (6.7.2):
    - GoogleUtilities/Environment
    - GoogleUtilities/Logger
    - GoogleUtilities/Network
  - GoogleUtilities/Environment (6.7.2):
    - PromisesObjC (~> 1.2)
  - GoogleUtilities/Logger (6.7.2):
    - GoogleUtilities/Environment
  - GoogleUtilities/MethodSwizzler (6.7.2):
    - GoogleUtilities/Logger
  - GoogleUtilities/Network (6.7.2):
    - GoogleUtilities/Logger
    - "GoogleUtilities/NSData+zlib"
    - GoogleUtilities/Reachability
  - "GoogleUtilities/NSData+zlib (6.7.2)"
  - GoogleUtilities/Reachability (6.7.2):
    - GoogleUtilities/Logger
  - GoogleUtilities/UserDefaults (6.7.2):
    - GoogleUtilities/Logger
  - Logging (1.4.0)
  - nanopb (1.30906.0):
    - nanopb/decode (= 1.30906.0)
    - nanopb/encode (= 1.30906.0)
  - nanopb/decode (1.30906.0)
  - nanopb/encode (1.30906.0)
  - OneSignal (2.15.4)
  - PromisesObjC (1.2.11)
  - QuickLayout (3.0.0)
  - R.swift (5.2.2):
    - R.swift.Library (~> 5.2.0)
  - R.swift.Library (5.2.0)
  - SDWebImage (5.9.3):
    - SDWebImage/Core (= 5.9.3)
  - SDWebImage/Core (5.9.3)
  - SwiftEntryKit (1.2.6):
    - QuickLayout (= 3.0.0)
  - SwiftLocation (4.2.0)
  - TDPopupKit (0.1.5):
    - SwiftEntryKit (= 1.2.6)

DEPENDENCIES:
  - CZPicker
  - Firebase/Analytics
  - Firebase/Crashlytics
  - Logging (~> 1.1)
  - OneSignal (< 3.0, >= 2.11.2)
  - R.swift
  - SDWebImage (~> 5.0)
  - SwiftLocation
  - TDPopupKit

SPEC REPOS:
  trunk:
    - CZPicker
    - Firebase
    - FirebaseAnalytics
    - FirebaseCore
    - FirebaseCoreDiagnostics
    - FirebaseCrashlytics
    - FirebaseInstallations
    - GoogleAppMeasurement
    - GoogleDataTransport
    - GoogleUtilities
    - Logging
    - nanopb
    - OneSignal
    - PromisesObjC
    - QuickLayout
    - R.swift
    - R.swift.Library
    - SDWebImage
    - SwiftEntryKit
    - SwiftLocation
    - TDPopupKit

SPEC CHECKSUMS:
  CZPicker: 55aa1751ea26e209814552da1a9a08cba8bbf72a
  Firebase: c23a36d9e4cdf7877dfcba8dd0c58add66358999
  FirebaseAnalytics: 3bb096873ee0d7fa4b6c70f5e9166b6da413cc7f
  FirebaseCore: d3a978a3cfa3240bf7e4ba7d137fdf5b22b628ec
  FirebaseCoreDiagnostics: 770ac5958e1372ce67959ae4b4f31d8e127c3ac1
  FirebaseCrashlytics: 1a747c9cc084a24dc6d9511c991db1cd078154eb
  FirebaseInstallations: 466c7b4d1f58fe16707693091da253726a731ed2
  GoogleAppMeasurement: a6a3a066369828db64eda428cb2856dc1cdc7c4e
  GoogleDataTransport: f56af7caa4ed338dc8e138a5d7c5973e66440833
  GoogleUtilities: 7f2f5a07f888cdb145101d6042bc4422f57e70b3
  Logging: beeb016c9c80cf77042d62e83495816847ef108b
  nanopb: 59317e09cf1f1a0af72f12af412d54edf52603fc
  OneSignal: 6647275955d0f06d9e17c90dc93af9d85ecfd2b9
  PromisesObjC: 8c196f5a328c2cba3e74624585467a557dcb482f
  QuickLayout: 07b45a72b10083fee3f095990cfed1c1e7b27f0a
  R.swift: 7c52cdc57a66840ffe6cbd8a823d732059d42a32
  R.swift.Library: 5ba4f1631300caf9a4d890186930da85d540769d
  SDWebImage: a31ee8e90a97303529e03fb0c333eae0eacb88e9
  SwiftEntryKit: 96a2fa90b2631bbbfac50d18449e9ca3d0635f13
  SwiftLocation: 609ac8859f2c5d48a6cadd2a58c63b1dae02dc25
  TDPopupKit: bd24bf7432dd2b42984fcdd4b1c64d33db7fc422

PODFILE CHECKSUM: 377c64230e65989dcc3226c704c4e6d9e248cbcd

COCOAPODS: 1.10.0
