PODS:
  - Alamofire (4.8.2)
  - CZPicker (0.4.3)
  - Moya/Core (13.0.1):
    - Alamofire (~> 4.1)
    - Result (~> 4.1)
  - Moya/RxSwift (13.0.1):
    - Moya/Core
    - RxSwift (~> 4.0)
  - OneSignal (2.10.0)
  - R.swift (5.0.3):
    - R.swift.Library (~> 5.0.0)
  - R.swift.Library (5.0.1)
  - Result (4.1.0)
  - RxCocoa (4.5.0):
    - RxSwift (>= 4.4.2, ~> 4.4)
  - RxSwift (4.5.0)
  - SDWebImage (4.4.7):
    - SDWebImage/Core (= 4.4.7)
  - SDWebImage/Core (4.4.7)
  - SwiftLocation (4.0.2)

DEPENDENCIES:
  - CZPicker
  - Moya/RxSwift (~> 13.0)
  - OneSignal (< 3.0, >= 2.6.2)
  - R.swift
  - RxCocoa
  - SDWebImage (~> 4.0)
  - SwiftLocation

SPEC REPOS:
  https://github.com/cocoapods/specs.git:
    - Alamofire
    - CZPicker
    - Moya
    - OneSignal
    - R.swift
    - R.swift.Library
    - Result
    - RxCocoa
    - RxSwift
    - SDWebImage
    - SwiftLocation

SPEC CHECKSUMS:
  Alamofire: ae5c501addb7afdbb13687d7f2f722c78734c2d3
  CZPicker: 55aa1751ea26e209814552da1a9a08cba8bbf72a
  Moya: f4a4b80ff2f8a4ffc208dfb31cd91636622fee6e
  OneSignal: 0f5ff711d9f25da54885e4ab06ef0abc221a46ef
  R.swift: f5a87643b91ea569d23d6afb3eee9c743edde239
  R.swift.Library: cfe85d569d9bae6cb262922db130e7c3a7a5fad1
  Result: bd966fac789cc6c1563440b348ab2598cc24d5c7
  RxCocoa: cbf70265dc65a981d4ac982e513c10cf23df24a0
  RxSwift: f172070dfd1a93d70a9ab97a5a01166206e1c575
  SDWebImage: c10d14a8883ebd89664f02a422006f66a85c0c5d
  SwiftLocation: 4f030832331a21abaa4e0c5189d0f80ab8d3e377

PODFILE CHECKSUM: 908aaf25452228b16473a9eb7bb3a3ff8d808968

COCOAPODS: 1.7.1
