// !$*UTF8*$!
{
	archiveVersion = 1;
	classes = {
	};
	objectVersion = 48;
	objects = {

/* Begin PBXBuildFile section */
		112239151FD5C7AF00486528 /* AppDelegate.swift in Sources */ = {isa = PBXBuildFile; fileRef = 112239141FD5C7AF00486528 /* AppDelegate.swift */; };
		1122391A1FD5C7AF00486528 /* Main.storyboard in Resources */ = {isa = PBXBuildFile; fileRef = 112239181FD5C7AF00486528 /* Main.storyboard */; };
		1122391F1FD5C7B000486528 /* Assets.xcassets in Resources */ = {isa = PBXBuildFile; fileRef = 1122391E1FD5C7B000486528 /* Assets.xcassets */; };
		112239221FD5C7B000486528 /* LaunchScreen.storyboard in Resources */ = {isa = PBXBuildFile; fileRef = 112239201FD5C7B000486528 /* LaunchScreen.storyboard */; };
		117C4AAB1FD86050008BB445 /* Utilities.swift in Sources */ = {isa = PBXBuildFile; fileRef = 117C4AAA1FD86050008BB445 /* Utilities.swift */; };
		117C4AAE1FD864AD008BB445 /* UIView+Extensions.swift in Sources */ = {isa = PBXBuildFile; fileRef = 117C4AAD1FD864AD008BB445 /* UIView+Extensions.swift */; };
		117C4AB01FD864DE008BB445 /* UILabel+Extensions.swift in Sources */ = {isa = PBXBuildFile; fileRef = 117C4AAF1FD864DE008BB445 /* UILabel+Extensions.swift */; };
		117C4AB21FD864FD008BB445 /* String+Extensions.swift in Sources */ = {isa = PBXBuildFile; fileRef = 117C4AB11FD864FD008BB445 /* String+Extensions.swift */; };
		117C4AB41FD8652B008BB445 /* NSIndexPath+Extensions.swift in Sources */ = {isa = PBXBuildFile; fileRef = 117C4AB31FD8652B008BB445 /* NSIndexPath+Extensions.swift */; };
		117C4AB61FD86544008BB445 /* UIPageViewController+Extensions.swift in Sources */ = {isa = PBXBuildFile; fileRef = 117C4AB51FD86544008BB445 /* UIPageViewController+Extensions.swift */; };
		4B00E64AA8A0A7582597A76A /* Pods_Base_Project.framework in Frameworks */ = {isa = PBXBuildFile; fileRef = 96BA0D1007DC66F24CD1D64E /* Pods_Base_Project.framework */; };
		CF181BA020809874002603A1 /* UINavigationBar+Extensions.swift in Sources */ = {isa = PBXBuildFile; fileRef = CF181B9F20809874002603A1 /* UINavigationBar+Extensions.swift */; };
		CF181BA2208099A0002603A1 /* UITextField+Extensions.swift in Sources */ = {isa = PBXBuildFile; fileRef = CF181BA1208099A0002603A1 /* UITextField+Extensions.swift */; };
		CF45F0C9201B42DF004A39E2 /* Async.swift in Sources */ = {isa = PBXBuildFile; fileRef = CF45F0C8201B42DF004A39E2 /* Async.swift */; };
		CF654357201EF654004DE9C0 /* InitialPresenter.swift in Sources */ = {isa = PBXBuildFile; fileRef = CF654351201EF654004DE9C0 /* InitialPresenter.swift */; };
		CF654358201EF654004DE9C0 /* InitialRouter.swift in Sources */ = {isa = PBXBuildFile; fileRef = CF654352201EF654004DE9C0 /* InitialRouter.swift */; };
		CF654359201EF654004DE9C0 /* InitialModels.swift in Sources */ = {isa = PBXBuildFile; fileRef = CF654353201EF654004DE9C0 /* InitialModels.swift */; };
		CF65435A201EF654004DE9C0 /* InitialViewController.swift in Sources */ = {isa = PBXBuildFile; fileRef = CF654354201EF654004DE9C0 /* InitialViewController.swift */; };
		CF65435B201EF654004DE9C0 /* InitialInteractor.swift in Sources */ = {isa = PBXBuildFile; fileRef = CF654355201EF654004DE9C0 /* InitialInteractor.swift */; };
		CF65435C201EF654004DE9C0 /* InitialConfigurator.swift in Sources */ = {isa = PBXBuildFile; fileRef = CF654356201EF654004DE9C0 /* InitialConfigurator.swift */; };
		CF7BC66A1FD8F739008E80AC /* RxCocoa.framework in Frameworks */ = {isa = PBXBuildFile; fileRef = CF7BC6641FD8F739008E80AC /* RxCocoa.framework */; };
		CF7BC66B1FD8F739008E80AC /* Alamofire.framework in Frameworks */ = {isa = PBXBuildFile; fileRef = CF7BC6651FD8F739008E80AC /* Alamofire.framework */; };
		CF7BC66C1FD8F739008E80AC /* RxMoya.framework in Frameworks */ = {isa = PBXBuildFile; fileRef = CF7BC6661FD8F739008E80AC /* RxMoya.framework */; };
		CF7BC66D1FD8F739008E80AC /* RxSwift.framework in Frameworks */ = {isa = PBXBuildFile; fileRef = CF7BC6671FD8F739008E80AC /* RxSwift.framework */; };
		CF7BC66E1FD8F739008E80AC /* Moya.framework in Frameworks */ = {isa = PBXBuildFile; fileRef = CF7BC6681FD8F739008E80AC /* Moya.framework */; };
		CF7BC66F1FD8F739008E80AC /* ObjectMapper.framework in Frameworks */ = {isa = PBXBuildFile; fileRef = CF7BC6691FD8F739008E80AC /* ObjectMapper.framework */; };
		CF7BC6771FD91D83008E80AC /* Single+ObjectMapper.swift in Sources */ = {isa = PBXBuildFile; fileRef = CF7BC6741FD91D82008E80AC /* Single+ObjectMapper.swift */; };
		CF7BC6781FD91D83008E80AC /* Response+ObjectMapper.swift in Sources */ = {isa = PBXBuildFile; fileRef = CF7BC6751FD91D82008E80AC /* Response+ObjectMapper.swift */; };
		CF7BC6791FD91D83008E80AC /* ObservableType+ObjectMapper.swift in Sources */ = {isa = PBXBuildFile; fileRef = CF7BC6761FD91D82008E80AC /* ObservableType+ObjectMapper.swift */; };
		CF7BC67C1FD91E46008E80AC /* AppDelegate+FCM.swift in Sources */ = {isa = PBXBuildFile; fileRef = CF7BC67B1FD91E46008E80AC /* AppDelegate+FCM.swift */; };
		CF7BC67F1FD92169008E80AC /* PushService.swift in Sources */ = {isa = PBXBuildFile; fileRef = CF7BC67E1FD92169008E80AC /* PushService.swift */; };
		CF87ED9E201B5FF300562226 /* SVProgressHUD.framework in Frameworks */ = {isa = PBXBuildFile; fileRef = CF87ED9D201B5FF300562226 /* SVProgressHUD.framework */; };
		CF87EDA0201B6EF700562226 /* BaseViewController.swift in Sources */ = {isa = PBXBuildFile; fileRef = CF87ED9F201B6EF700562226 /* BaseViewController.swift */; };
		CF87EDA4201B8C2500562226 /* BaseTextField.swift in Sources */ = {isa = PBXBuildFile; fileRef = CF87EDA3201B8C2500562226 /* BaseTextField.swift */; };
/* End PBXBuildFile section */

/* Begin PBXFileReference section */
		0A6FC7C665C3EC115CF8C0BC /* Pods-Base-Project.release.xcconfig */ = {isa = PBXFileReference; includeInIndex = 1; lastKnownFileType = text.xcconfig; name = "Pods-Base-Project.release.xcconfig"; path = "Pods/Target Support Files/Pods-Base-Project/Pods-Base-Project.release.xcconfig"; sourceTree = "<group>"; };
		112239111FD5C7AF00486528 /* Base-Project.app */ = {isa = PBXFileReference; explicitFileType = wrapper.application; includeInIndex = 0; path = "Base-Project.app"; sourceTree = BUILT_PRODUCTS_DIR; };
		112239141FD5C7AF00486528 /* AppDelegate.swift */ = {isa = PBXFileReference; lastKnownFileType = sourcecode.swift; path = AppDelegate.swift; sourceTree = "<group>"; };
		112239191FD5C7AF00486528 /* Base */ = {isa = PBXFileReference; lastKnownFileType = file.storyboard; name = Base; path = Base.lproj/Main.storyboard; sourceTree = "<group>"; };
		1122391E1FD5C7B000486528 /* Assets.xcassets */ = {isa = PBXFileReference; lastKnownFileType = folder.assetcatalog; path = Assets.xcassets; sourceTree = "<group>"; };
		112239211FD5C7B000486528 /* Base */ = {isa = PBXFileReference; lastKnownFileType = file.storyboard; name = Base; path = Base.lproj/LaunchScreen.storyboard; sourceTree = "<group>"; };
		112239231FD5C7B000486528 /* Info.plist */ = {isa = PBXFileReference; lastKnownFileType = text.plist.xml; path = Info.plist; sourceTree = "<group>"; };
		117C4AAA1FD86050008BB445 /* Utilities.swift */ = {isa = PBXFileReference; lastKnownFileType = sourcecode.swift; path = Utilities.swift; sourceTree = "<group>"; };
		117C4AAD1FD864AD008BB445 /* UIView+Extensions.swift */ = {isa = PBXFileReference; lastKnownFileType = sourcecode.swift; path = "UIView+Extensions.swift"; sourceTree = "<group>"; };
		117C4AAF1FD864DE008BB445 /* UILabel+Extensions.swift */ = {isa = PBXFileReference; lastKnownFileType = sourcecode.swift; path = "UILabel+Extensions.swift"; sourceTree = "<group>"; };
		117C4AB11FD864FD008BB445 /* String+Extensions.swift */ = {isa = PBXFileReference; lastKnownFileType = sourcecode.swift; path = "String+Extensions.swift"; sourceTree = "<group>"; };
		117C4AB31FD8652B008BB445 /* NSIndexPath+Extensions.swift */ = {isa = PBXFileReference; lastKnownFileType = sourcecode.swift; path = "NSIndexPath+Extensions.swift"; sourceTree = "<group>"; };
		117C4AB51FD86544008BB445 /* UIPageViewController+Extensions.swift */ = {isa = PBXFileReference; lastKnownFileType = sourcecode.swift; path = "UIPageViewController+Extensions.swift"; sourceTree = "<group>"; };
		509696D7EE45B0E48C61927E /* Pods-Base-ProjectTests.release.xcconfig */ = {isa = PBXFileReference; includeInIndex = 1; lastKnownFileType = text.xcconfig; name = "Pods-Base-ProjectTests.release.xcconfig"; path = "Pods/Target Support Files/Pods-Base-ProjectTests/Pods-Base-ProjectTests.release.xcconfig"; sourceTree = "<group>"; };
		5F0CB28320C7D9C3EA885DBF /* Pods-Base-ProjectUITests.debug.xcconfig */ = {isa = PBXFileReference; includeInIndex = 1; lastKnownFileType = text.xcconfig; name = "Pods-Base-ProjectUITests.debug.xcconfig"; path = "Pods/Target Support Files/Pods-Base-ProjectUITests/Pods-Base-ProjectUITests.debug.xcconfig"; sourceTree = "<group>"; };
		96BA0D1007DC66F24CD1D64E /* Pods_Base_Project.framework */ = {isa = PBXFileReference; explicitFileType = wrapper.framework; includeInIndex = 0; path = Pods_Base_Project.framework; sourceTree = BUILT_PRODUCTS_DIR; };
		99E33F06E417414D3283B2A5 /* Pods-Base-ProjectTests.debug.xcconfig */ = {isa = PBXFileReference; includeInIndex = 1; lastKnownFileType = text.xcconfig; name = "Pods-Base-ProjectTests.debug.xcconfig"; path = "Pods/Target Support Files/Pods-Base-ProjectTests/Pods-Base-ProjectTests.debug.xcconfig"; sourceTree = "<group>"; };
		C65CEF44A2A6134604793718 /* Pods-Base-ProjectUITests.release.xcconfig */ = {isa = PBXFileReference; includeInIndex = 1; lastKnownFileType = text.xcconfig; name = "Pods-Base-ProjectUITests.release.xcconfig"; path = "Pods/Target Support Files/Pods-Base-ProjectUITests/Pods-Base-ProjectUITests.release.xcconfig"; sourceTree = "<group>"; };
		CF181B9F20809874002603A1 /* UINavigationBar+Extensions.swift */ = {isa = PBXFileReference; lastKnownFileType = sourcecode.swift; path = "UINavigationBar+Extensions.swift"; sourceTree = "<group>"; };
		CF181BA1208099A0002603A1 /* UITextField+Extensions.swift */ = {isa = PBXFileReference; lastKnownFileType = sourcecode.swift; path = "UITextField+Extensions.swift"; sourceTree = "<group>"; };
		CF45F0C8201B42DF004A39E2 /* Async.swift */ = {isa = PBXFileReference; fileEncoding = 4; lastKnownFileType = sourcecode.swift; path = Async.swift; sourceTree = "<group>"; };
		CF654351201EF654004DE9C0 /* InitialPresenter.swift */ = {isa = PBXFileReference; lastKnownFileType = sourcecode.swift; path = InitialPresenter.swift; sourceTree = "<group>"; };
		CF654352201EF654004DE9C0 /* InitialRouter.swift */ = {isa = PBXFileReference; lastKnownFileType = sourcecode.swift; path = InitialRouter.swift; sourceTree = "<group>"; };
		CF654353201EF654004DE9C0 /* InitialModels.swift */ = {isa = PBXFileReference; lastKnownFileType = sourcecode.swift; path = InitialModels.swift; sourceTree = "<group>"; };
		CF654354201EF654004DE9C0 /* InitialViewController.swift */ = {isa = PBXFileReference; lastKnownFileType = sourcecode.swift; path = InitialViewController.swift; sourceTree = "<group>"; };
		CF654355201EF654004DE9C0 /* InitialInteractor.swift */ = {isa = PBXFileReference; lastKnownFileType = sourcecode.swift; path = InitialInteractor.swift; sourceTree = "<group>"; };
		CF654356201EF654004DE9C0 /* InitialConfigurator.swift */ = {isa = PBXFileReference; lastKnownFileType = sourcecode.swift; path = InitialConfigurator.swift; sourceTree = "<group>"; };
		CF7BC6641FD8F739008E80AC /* RxCocoa.framework */ = {isa = PBXFileReference; lastKnownFileType = wrapper.framework; name = RxCocoa.framework; path = Carthage/Build/iOS/RxCocoa.framework; sourceTree = "<group>"; };
		CF7BC6651FD8F739008E80AC /* Alamofire.framework */ = {isa = PBXFileReference; lastKnownFileType = wrapper.framework; name = Alamofire.framework; path = Carthage/Build/iOS/Alamofire.framework; sourceTree = "<group>"; };
		CF7BC6661FD8F739008E80AC /* RxMoya.framework */ = {isa = PBXFileReference; lastKnownFileType = wrapper.framework; name = RxMoya.framework; path = Carthage/Build/iOS/RxMoya.framework; sourceTree = "<group>"; };
		CF7BC6671FD8F739008E80AC /* RxSwift.framework */ = {isa = PBXFileReference; lastKnownFileType = wrapper.framework; name = RxSwift.framework; path = Carthage/Build/iOS/RxSwift.framework; sourceTree = "<group>"; };
		CF7BC6681FD8F739008E80AC /* Moya.framework */ = {isa = PBXFileReference; lastKnownFileType = wrapper.framework; name = Moya.framework; path = Carthage/Build/iOS/Moya.framework; sourceTree = "<group>"; };
		CF7BC6691FD8F739008E80AC /* ObjectMapper.framework */ = {isa = PBXFileReference; lastKnownFileType = wrapper.framework; name = ObjectMapper.framework; path = Carthage/Build/iOS/ObjectMapper.framework; sourceTree = "<group>"; };
		CF7BC6741FD91D82008E80AC /* Single+ObjectMapper.swift */ = {isa = PBXFileReference; fileEncoding = 4; lastKnownFileType = sourcecode.swift; path = "Single+ObjectMapper.swift"; sourceTree = "<group>"; };
		CF7BC6751FD91D82008E80AC /* Response+ObjectMapper.swift */ = {isa = PBXFileReference; fileEncoding = 4; lastKnownFileType = sourcecode.swift; path = "Response+ObjectMapper.swift"; sourceTree = "<group>"; };
		CF7BC6761FD91D82008E80AC /* ObservableType+ObjectMapper.swift */ = {isa = PBXFileReference; fileEncoding = 4; lastKnownFileType = sourcecode.swift; path = "ObservableType+ObjectMapper.swift"; sourceTree = "<group>"; };
		CF7BC67B1FD91E46008E80AC /* AppDelegate+FCM.swift */ = {isa = PBXFileReference; lastKnownFileType = sourcecode.swift; path = "AppDelegate+FCM.swift"; sourceTree = "<group>"; };
		CF7BC67E1FD92169008E80AC /* PushService.swift */ = {isa = PBXFileReference; lastKnownFileType = sourcecode.swift; path = PushService.swift; sourceTree = "<group>"; };
		CF87ED9D201B5FF300562226 /* SVProgressHUD.framework */ = {isa = PBXFileReference; lastKnownFileType = wrapper.framework; name = SVProgressHUD.framework; path = Carthage/Build/iOS/SVProgressHUD.framework; sourceTree = "<group>"; };
		CF87ED9F201B6EF700562226 /* BaseViewController.swift */ = {isa = PBXFileReference; lastKnownFileType = sourcecode.swift; path = BaseViewController.swift; sourceTree = "<group>"; };
		CF87EDA3201B8C2500562226 /* BaseTextField.swift */ = {isa = PBXFileReference; lastKnownFileType = sourcecode.swift; path = BaseTextField.swift; sourceTree = "<group>"; };
		F67502C09ED37847CBD63117 /* Pods-Base-Project.debug.xcconfig */ = {isa = PBXFileReference; includeInIndex = 1; lastKnownFileType = text.xcconfig; name = "Pods-Base-Project.debug.xcconfig"; path = "Pods/Target Support Files/Pods-Base-Project/Pods-Base-Project.debug.xcconfig"; sourceTree = "<group>"; };
/* End PBXFileReference section */

/* Begin PBXFrameworksBuildPhase section */
		1122390E1FD5C7AF00486528 /* Frameworks */ = {
			isa = PBXFrameworksBuildPhase;
			buildActionMask = 2147483647;
			files = (
				CF7BC66A1FD8F739008E80AC /* RxCocoa.framework in Frameworks */,
				CF7BC66B1FD8F739008E80AC /* Alamofire.framework in Frameworks */,
				CF87ED9E201B5FF300562226 /* SVProgressHUD.framework in Frameworks */,
				CF7BC66C1FD8F739008E80AC /* RxMoya.framework in Frameworks */,
				CF7BC66D1FD8F739008E80AC /* RxSwift.framework in Frameworks */,
				CF7BC66E1FD8F739008E80AC /* Moya.framework in Frameworks */,
				CF7BC66F1FD8F739008E80AC /* ObjectMapper.framework in Frameworks */,
				4B00E64AA8A0A7582597A76A /* Pods_Base_Project.framework in Frameworks */,
			);
			runOnlyForDeploymentPostprocessing = 0;
		};
/* End PBXFrameworksBuildPhase section */

/* Begin PBXGroup section */
		112239081FD5C7AF00486528 = {
			isa = PBXGroup;
			children = (
				112239131FD5C7AF00486528 /* Base-Project */,
				112239121FD5C7AF00486528 /* Products */,
				8A6CF31932BE5291FACE8092 /* Frameworks */,
				4EB46AC4F5A03B9A5DD78099 /* Pods */,
			);
			sourceTree = "<group>";
		};
		112239121FD5C7AF00486528 /* Products */ = {
			isa = PBXGroup;
			children = (
				112239111FD5C7AF00486528 /* Base-Project.app */,
			);
			name = Products;
			sourceTree = "<group>";
		};
		112239131FD5C7AF00486528 /* Base-Project */ = {
			isa = PBXGroup;
			children = (
				CF87EDA2201B8BEB00562226 /* Views */,
				CF7BC67D1FD9215F008E80AC /* Services */,
				117C4AA81FD86028008BB445 /* Helpers */,
				CF87EDA9201EECFA00562226 /* Scenes */,
				112239181FD5C7AF00486528 /* Main.storyboard */,
				1122391E1FD5C7B000486528 /* Assets.xcassets */,
				112239201FD5C7B000486528 /* LaunchScreen.storyboard */,
				117C4AA71FD85FCE008BB445 /* Supporting Files */,
			);
			path = "Base-Project";
			sourceTree = "<group>";
		};
		117C4AA71FD85FCE008BB445 /* Supporting Files */ = {
			isa = PBXGroup;
			children = (
				CF7BC67A1FD91E36008E80AC /* App Delegate */,
				112239231FD5C7B000486528 /* Info.plist */,
			);
			path = "Supporting Files";
			sourceTree = "<group>";
		};
		117C4AA81FD86028008BB445 /* Helpers */ = {
			isa = PBXGroup;
			children = (
				117C4AAC1FD8645F008BB445 /* Extensions */,
				117C4AA91FD86046008BB445 /* Utilities */,
				CF87ED9F201B6EF700562226 /* BaseViewController.swift */,
			);
			path = Helpers;
			sourceTree = "<group>";
		};
		117C4AA91FD86046008BB445 /* Utilities */ = {
			isa = PBXGroup;
			children = (
				CF45F0C8201B42DF004A39E2 /* Async.swift */,
				117C4AAA1FD86050008BB445 /* Utilities.swift */,
			);
			path = Utilities;
			sourceTree = "<group>";
		};
		117C4AAC1FD8645F008BB445 /* Extensions */ = {
			isa = PBXGroup;
			children = (
				CF7BC6731FD91D75008E80AC /* Moya + Object Mapper */,
				117C4AAD1FD864AD008BB445 /* UIView+Extensions.swift */,
				117C4AAF1FD864DE008BB445 /* UILabel+Extensions.swift */,
				117C4AB11FD864FD008BB445 /* String+Extensions.swift */,
				117C4AB31FD8652B008BB445 /* NSIndexPath+Extensions.swift */,
				117C4AB51FD86544008BB445 /* UIPageViewController+Extensions.swift */,
				CF181B9F20809874002603A1 /* UINavigationBar+Extensions.swift */,
				CF181BA1208099A0002603A1 /* UITextField+Extensions.swift */,
			);
			path = Extensions;
			sourceTree = "<group>";
		};
		4EB46AC4F5A03B9A5DD78099 /* Pods */ = {
			isa = PBXGroup;
			children = (
				F67502C09ED37847CBD63117 /* Pods-Base-Project.debug.xcconfig */,
				0A6FC7C665C3EC115CF8C0BC /* Pods-Base-Project.release.xcconfig */,
				99E33F06E417414D3283B2A5 /* Pods-Base-ProjectTests.debug.xcconfig */,
				509696D7EE45B0E48C61927E /* Pods-Base-ProjectTests.release.xcconfig */,
				5F0CB28320C7D9C3EA885DBF /* Pods-Base-ProjectUITests.debug.xcconfig */,
				C65CEF44A2A6134604793718 /* Pods-Base-ProjectUITests.release.xcconfig */,
			);
			name = Pods;
			sourceTree = "<group>";
		};
		8A6CF31932BE5291FACE8092 /* Frameworks */ = {
			isa = PBXGroup;
			children = (
				CF87ED9D201B5FF300562226 /* SVProgressHUD.framework */,
				CF7BC6651FD8F739008E80AC /* Alamofire.framework */,
				CF7BC6681FD8F739008E80AC /* Moya.framework */,
				CF7BC6691FD8F739008E80AC /* ObjectMapper.framework */,
				CF7BC6641FD8F739008E80AC /* RxCocoa.framework */,
				CF7BC6661FD8F739008E80AC /* RxMoya.framework */,
				CF7BC6671FD8F739008E80AC /* RxSwift.framework */,
				96BA0D1007DC66F24CD1D64E /* Pods_Base_Project.framework */,
			);
			name = Frameworks;
			sourceTree = "<group>";
		};
		CF7BC6731FD91D75008E80AC /* Moya + Object Mapper */ = {
			isa = PBXGroup;
			children = (
				CF7BC6761FD91D82008E80AC /* ObservableType+ObjectMapper.swift */,
				CF7BC6751FD91D82008E80AC /* Response+ObjectMapper.swift */,
				CF7BC6741FD91D82008E80AC /* Single+ObjectMapper.swift */,
			);
			path = "Moya + Object Mapper";
			sourceTree = "<group>";
		};
		CF7BC67A1FD91E36008E80AC /* App Delegate */ = {
			isa = PBXGroup;
			children = (
				112239141FD5C7AF00486528 /* AppDelegate.swift */,
				CF7BC67B1FD91E46008E80AC /* AppDelegate+FCM.swift */,
			);
			path = "App Delegate";
			sourceTree = "<group>";
		};
		CF7BC67D1FD9215F008E80AC /* Services */ = {
			isa = PBXGroup;
			children = (
				CF7BC67E1FD92169008E80AC /* PushService.swift */,
			);
			path = Services;
			sourceTree = "<group>";
		};
		CF87EDA2201B8BEB00562226 /* Views */ = {
			isa = PBXGroup;
			children = (
				CF87EDA3201B8C2500562226 /* BaseTextField.swift */,
			);
			path = Views;
			sourceTree = "<group>";
		};
		CF87EDA9201EECFA00562226 /* Scenes */ = {
			isa = PBXGroup;
			children = (
				CF87EDB6201EED1500562226 /* Initial */,
			);
			path = Scenes;
			sourceTree = "<group>";
		};
		CF87EDB6201EED1500562226 /* Initial */ = {
			isa = PBXGroup;
			children = (
				CF654351201EF654004DE9C0 /* InitialPresenter.swift */,
				CF654352201EF654004DE9C0 /* InitialRouter.swift */,
				CF654353201EF654004DE9C0 /* InitialModels.swift */,
				CF654354201EF654004DE9C0 /* InitialViewController.swift */,
				CF654355201EF654004DE9C0 /* InitialInteractor.swift */,
				CF654356201EF654004DE9C0 /* InitialConfigurator.swift */,
			);
			path = Initial;
			sourceTree = "<group>";
		};
/* End PBXGroup section */

/* Begin PBXNativeTarget section */
		112239101FD5C7AF00486528 /* Base-Project */ = {
			isa = PBXNativeTarget;
			buildConfigurationList = 1122393C1FD5C7B000486528 /* Build configuration list for PBXNativeTarget "Base-Project" */;
			buildPhases = (
				3D4ACD00AB6EB91C080BC99F /* [CP] Check Pods Manifest.lock */,
				1122390D1FD5C7AF00486528 /* Sources */,
				1122390E1FD5C7AF00486528 /* Frameworks */,
				1122390F1FD5C7AF00486528 /* Resources */,
				CF7BC6701FD8F75D008E80AC /* ShellScript */,
				98B7E6723CD6E9868C61C5B1 /* [CP] Embed Pods Frameworks */,
				7CEC601E5E2710C6DB914162 /* [CP] Copy Pods Resources */,
			);
			buildRules = (
			);
			dependencies = (
			);
			name = "Base-Project";
			productName = "Base-Project";
			productReference = 112239111FD5C7AF00486528 /* Base-Project.app */;
			productType = "com.apple.product-type.application";
		};
/* End PBXNativeTarget section */

/* Begin PBXProject section */
		112239091FD5C7AF00486528 /* Project object */ = {
			isa = PBXProject;
			attributes = {
				LastSwiftUpdateCheck = 0900;
				LastUpgradeCheck = 0900;
				ORGANIZATIONNAME = Tedmob;
				TargetAttributes = {
					112239101FD5C7AF00486528 = {
						CreatedOnToolsVersion = 9.0.1;
						ProvisioningStyle = Automatic;
					};
				};
			};
			buildConfigurationList = 1122390C1FD5C7AF00486528 /* Build configuration list for PBXProject "Base-Project" */;
			compatibilityVersion = "Xcode 8.0";
			developmentRegion = en;
			hasScannedForEncodings = 0;
			knownRegions = (
				en,
				Base,
			);
			mainGroup = 112239081FD5C7AF00486528;
			productRefGroup = 112239121FD5C7AF00486528 /* Products */;
			projectDirPath = "";
			projectRoot = "";
			targets = (
				112239101FD5C7AF00486528 /* Base-Project */,
			);
		};
/* End PBXProject section */

/* Begin PBXResourcesBuildPhase section */
		1122390F1FD5C7AF00486528 /* Resources */ = {
			isa = PBXResourcesBuildPhase;
			buildActionMask = 2147483647;
			files = (
				112239221FD5C7B000486528 /* LaunchScreen.storyboard in Resources */,
				1122391F1FD5C7B000486528 /* Assets.xcassets in Resources */,
				1122391A1FD5C7AF00486528 /* Main.storyboard in Resources */,
			);
			runOnlyForDeploymentPostprocessing = 0;
		};
/* End PBXResourcesBuildPhase section */

/* Begin PBXShellScriptBuildPhase section */
		3D4ACD00AB6EB91C080BC99F /* [CP] Check Pods Manifest.lock */ = {
			isa = PBXShellScriptBuildPhase;
			buildActionMask = 2147483647;
			files = (
			);
			inputPaths = (
				"${PODS_PODFILE_DIR_PATH}/Podfile.lock",
				"${PODS_ROOT}/Manifest.lock",
			);
			name = "[CP] Check Pods Manifest.lock";
			outputPaths = (
				"$(DERIVED_FILE_DIR)/Pods-Base-Project-checkManifestLockResult.txt",
			);
			runOnlyForDeploymentPostprocessing = 0;
			shellPath = /bin/sh;
			shellScript = "diff \"${PODS_PODFILE_DIR_PATH}/Podfile.lock\" \"${PODS_ROOT}/Manifest.lock\" > /dev/null\nif [ $? != 0 ] ; then\n    # print error to STDERR\n    echo \"error: The sandbox is not in sync with the Podfile.lock. Run 'pod install' or update your CocoaPods installation.\" >&2\n    exit 1\nfi\n# This output is used by Xcode 'outputs' to avoid re-running this script phase.\necho \"SUCCESS\" > \"${SCRIPT_OUTPUT_FILE_0}\"\n";
			showEnvVarsInLog = 0;
		};
		7CEC601E5E2710C6DB914162 /* [CP] Copy Pods Resources */ = {
			isa = PBXShellScriptBuildPhase;
			buildActionMask = 2147483647;
			files = (
			);
			inputPaths = (
			);
			name = "[CP] Copy Pods Resources";
			outputPaths = (
			);
			runOnlyForDeploymentPostprocessing = 0;
			shellPath = /bin/sh;
			shellScript = "\"${SRCROOT}/Pods/Target Support Files/Pods-Base-Project/Pods-Base-Project-resources.sh\"\n";
			showEnvVarsInLog = 0;
		};
		98B7E6723CD6E9868C61C5B1 /* [CP] Embed Pods Frameworks */ = {
			isa = PBXShellScriptBuildPhase;
			buildActionMask = 2147483647;
			files = (
			);
			inputPaths = (
				"${SRCROOT}/Pods/Target Support Files/Pods-Base-Project/Pods-Base-Project-frameworks.sh",
				"${BUILT_PRODUCTS_DIR}/GoogleToolboxForMac/GoogleToolboxForMac.framework",
				"${BUILT_PRODUCTS_DIR}/Protobuf/Protobuf.framework",
				"${BUILT_PRODUCTS_DIR}/nanopb/nanopb.framework",
			);
			name = "[CP] Embed Pods Frameworks";
			outputPaths = (
				"${TARGET_BUILD_DIR}/${FRAMEWORKS_FOLDER_PATH}/GoogleToolboxForMac.framework",
				"${TARGET_BUILD_DIR}/${FRAMEWORKS_FOLDER_PATH}/Protobuf.framework",
				"${TARGET_BUILD_DIR}/${FRAMEWORKS_FOLDER_PATH}/nanopb.framework",
			);
			runOnlyForDeploymentPostprocessing = 0;
			shellPath = /bin/sh;
			shellScript = "\"${SRCROOT}/Pods/Target Support Files/Pods-Base-Project/Pods-Base-Project-frameworks.sh\"\n";
			showEnvVarsInLog = 0;
		};
		CF7BC6701FD8F75D008E80AC /* ShellScript */ = {
			isa = PBXShellScriptBuildPhase;
			buildActionMask = 2147483647;
			files = (
			);
			inputPaths = (
				"$(SRCROOT)/Carthage/Build/iOS/Alamofire.framework",
				"$(SRCROOT)/Carthage/Build/iOS/Moya.framework",
				"$(SRCROOT)/Carthage/Build/iOS/ObjectMapper.framework",
				"$(SRCROOT)/Carthage/Build/iOS/RxMoya.framework",
				"$(SRCROOT)/Carthage/Build/iOS/RxCocoa.framework",
				"$(SRCROOT)/Carthage/Build/iOS/RxSwift.framework",
				"$(SRCROOT)/Carthage/Build/iOS/Result.framework",
				"$(SRCROOT)/Carthage/Build/iOS/SVProgressHUD.framework",
			);
			outputPaths = (
			);
			runOnlyForDeploymentPostprocessing = 0;
			shellPath = /bin/sh;
			shellScript = "/usr/local/bin/carthage copy-frameworks";
		};
/* End PBXShellScriptBuildPhase section */

/* Begin PBXSourcesBuildPhase section */
		1122390D1FD5C7AF00486528 /* Sources */ = {
			isa = PBXSourcesBuildPhase;
			buildActionMask = 2147483647;
			files = (
				CF181BA2208099A0002603A1 /* UITextField+Extensions.swift in Sources */,
				CF65435C201EF654004DE9C0 /* InitialConfigurator.swift in Sources */,
				117C4AB41FD8652B008BB445 /* NSIndexPath+Extensions.swift in Sources */,
				CF7BC67C1FD91E46008E80AC /* AppDelegate+FCM.swift in Sources */,
				CF87EDA4201B8C2500562226 /* BaseTextField.swift in Sources */,
				CF654357201EF654004DE9C0 /* InitialPresenter.swift in Sources */,
				117C4AB01FD864DE008BB445 /* UILabel+Extensions.swift in Sources */,
				117C4AB21FD864FD008BB445 /* String+Extensions.swift in Sources */,
				CF87EDA0201B6EF700562226 /* BaseViewController.swift in Sources */,
				CF7BC6791FD91D83008E80AC /* ObservableType+ObjectMapper.swift in Sources */,
				CF654359201EF654004DE9C0 /* InitialModels.swift in Sources */,
				112239151FD5C7AF00486528 /* AppDelegate.swift in Sources */,
				117C4AAE1FD864AD008BB445 /* UIView+Extensions.swift in Sources */,
				CF654358201EF654004DE9C0 /* InitialRouter.swift in Sources */,
				CF7BC67F1FD92169008E80AC /* PushService.swift in Sources */,
				117C4AAB1FD86050008BB445 /* Utilities.swift in Sources */,
				CF45F0C9201B42DF004A39E2 /* Async.swift in Sources */,
				CF65435A201EF654004DE9C0 /* InitialViewController.swift in Sources */,
				117C4AB61FD86544008BB445 /* UIPageViewController+Extensions.swift in Sources */,
				CF181BA020809874002603A1 /* UINavigationBar+Extensions.swift in Sources */,
				CF7BC6781FD91D83008E80AC /* Response+ObjectMapper.swift in Sources */,
				CF7BC6771FD91D83008E80AC /* Single+ObjectMapper.swift in Sources */,
				CF65435B201EF654004DE9C0 /* InitialInteractor.swift in Sources */,
			);
			runOnlyForDeploymentPostprocessing = 0;
		};
/* End PBXSourcesBuildPhase section */

/* Begin PBXVariantGroup section */
		112239181FD5C7AF00486528 /* Main.storyboard */ = {
			isa = PBXVariantGroup;
			children = (
				112239191FD5C7AF00486528 /* Base */,
			);
			name = Main.storyboard;
			sourceTree = "<group>";
		};
		112239201FD5C7B000486528 /* LaunchScreen.storyboard */ = {
			isa = PBXVariantGroup;
			children = (
				112239211FD5C7B000486528 /* Base */,
			);
			name = LaunchScreen.storyboard;
			sourceTree = "<group>";
		};
/* End PBXVariantGroup section */

/* Begin XCBuildConfiguration section */
		1122393A1FD5C7B000486528 /* Debug */ = {
			isa = XCBuildConfiguration;
			buildSettings = {
				ALWAYS_SEARCH_USER_PATHS = NO;
				CLANG_ANALYZER_NONNULL = YES;
				CLANG_ANALYZER_NUMBER_OBJECT_CONVERSION = YES_AGGRESSIVE;
				CLANG_CXX_LANGUAGE_STANDARD = "gnu++14";
				CLANG_CXX_LIBRARY = "libc++";
				CLANG_ENABLE_MODULES = YES;
				CLANG_ENABLE_OBJC_ARC = YES;
				CLANG_WARN_BLOCK_CAPTURE_AUTORELEASING = YES;
				CLANG_WARN_BOOL_CONVERSION = YES;
				CLANG_WARN_COMMA = YES;
				CLANG_WARN_CONSTANT_CONVERSION = YES;
				CLANG_WARN_DIRECT_OBJC_ISA_USAGE = YES_ERROR;
				CLANG_WARN_DOCUMENTATION_COMMENTS = YES;
				CLANG_WARN_EMPTY_BODY = YES;
				CLANG_WARN_ENUM_CONVERSION = YES;
				CLANG_WARN_INFINITE_RECURSION = YES;
				CLANG_WARN_INT_CONVERSION = YES;
				CLANG_WARN_NON_LITERAL_NULL_CONVERSION = YES;
				CLANG_WARN_OBJC_LITERAL_CONVERSION = YES;
				CLANG_WARN_OBJC_ROOT_CLASS = YES_ERROR;
				CLANG_WARN_RANGE_LOOP_ANALYSIS = YES;
				CLANG_WARN_STRICT_PROTOTYPES = YES;
				CLANG_WARN_SUSPICIOUS_MOVE = YES;
				CLANG_WARN_UNGUARDED_AVAILABILITY = YES_AGGRESSIVE;
				CLANG_WARN_UNREACHABLE_CODE = YES;
				CLANG_WARN__DUPLICATE_METHOD_MATCH = YES;
				CODE_SIGN_IDENTITY = "iPhone Developer";
				COPY_PHASE_STRIP = NO;
				DEBUG_INFORMATION_FORMAT = dwarf;
				ENABLE_STRICT_OBJC_MSGSEND = YES;
				ENABLE_TESTABILITY = YES;
				GCC_C_LANGUAGE_STANDARD = gnu11;
				GCC_DYNAMIC_NO_PIC = NO;
				GCC_NO_COMMON_BLOCKS = YES;
				GCC_OPTIMIZATION_LEVEL = 0;
				GCC_PREPROCESSOR_DEFINITIONS = (
					"DEBUG=1",
					"$(inherited)",
				);
				GCC_WARN_64_TO_32_BIT_CONVERSION = YES;
				GCC_WARN_ABOUT_RETURN_TYPE = YES_ERROR;
				GCC_WARN_UNDECLARED_SELECTOR = YES;
				GCC_WARN_UNINITIALIZED_AUTOS = YES_AGGRESSIVE;
				GCC_WARN_UNUSED_FUNCTION = YES;
				GCC_WARN_UNUSED_VARIABLE = YES;
				IPHONEOS_DEPLOYMENT_TARGET = 11.0;
				MTL_ENABLE_DEBUG_INFO = YES;
				ONLY_ACTIVE_ARCH = YES;
				SDKROOT = iphoneos;
				SWIFT_ACTIVE_COMPILATION_CONDITIONS = DEBUG;
				SWIFT_OPTIMIZATION_LEVEL = "-Onone";
			};
			name = Debug;
		};
		1122393B1FD5C7B000486528 /* Release */ = {
			isa = XCBuildConfiguration;
			buildSettings = {
				ALWAYS_SEARCH_USER_PATHS = NO;
				CLANG_ANALYZER_NONNULL = YES;
				CLANG_ANALYZER_NUMBER_OBJECT_CONVERSION = YES_AGGRESSIVE;
				CLANG_CXX_LANGUAGE_STANDARD = "gnu++14";
				CLANG_CXX_LIBRARY = "libc++";
				CLANG_ENABLE_MODULES = YES;
				CLANG_ENABLE_OBJC_ARC = YES;
				CLANG_WARN_BLOCK_CAPTURE_AUTORELEASING = YES;
				CLANG_WARN_BOOL_CONVERSION = YES;
				CLANG_WARN_COMMA = YES;
				CLANG_WARN_CONSTANT_CONVERSION = YES;
				CLANG_WARN_DIRECT_OBJC_ISA_USAGE = YES_ERROR;
				CLANG_WARN_DOCUMENTATION_COMMENTS = YES;
				CLANG_WARN_EMPTY_BODY = YES;
				CLANG_WARN_ENUM_CONVERSION = YES;
				CLANG_WARN_INFINITE_RECURSION = YES;
				CLANG_WARN_INT_CONVERSION = YES;
				CLANG_WARN_NON_LITERAL_NULL_CONVERSION = YES;
				CLANG_WARN_OBJC_LITERAL_CONVERSION = YES;
				CLANG_WARN_OBJC_ROOT_CLASS = YES_ERROR;
				CLANG_WARN_RANGE_LOOP_ANALYSIS = YES;
				CLANG_WARN_STRICT_PROTOTYPES = YES;
				CLANG_WARN_SUSPICIOUS_MOVE = YES;
				CLANG_WARN_UNGUARDED_AVAILABILITY = YES_AGGRESSIVE;
				CLANG_WARN_UNREACHABLE_CODE = YES;
				CLANG_WARN__DUPLICATE_METHOD_MATCH = YES;
				CODE_SIGN_IDENTITY = "iPhone Developer";
				COPY_PHASE_STRIP = NO;
				DEBUG_INFORMATION_FORMAT = "dwarf-with-dsym";
				ENABLE_NS_ASSERTIONS = NO;
				ENABLE_STRICT_OBJC_MSGSEND = YES;
				GCC_C_LANGUAGE_STANDARD = gnu11;
				GCC_NO_COMMON_BLOCKS = YES;
				GCC_WARN_64_TO_32_BIT_CONVERSION = YES;
				GCC_WARN_ABOUT_RETURN_TYPE = YES_ERROR;
				GCC_WARN_UNDECLARED_SELECTOR = YES;
				GCC_WARN_UNINITIALIZED_AUTOS = YES_AGGRESSIVE;
				GCC_WARN_UNUSED_FUNCTION = YES;
				GCC_WARN_UNUSED_VARIABLE = YES;
				IPHONEOS_DEPLOYMENT_TARGET = 11.0;
				MTL_ENABLE_DEBUG_INFO = NO;
				SDKROOT = iphoneos;
				SWIFT_OPTIMIZATION_LEVEL = "-Owholemodule";
				VALIDATE_PRODUCT = YES;
			};
			name = Release;
		};
		1122393D1FD5C7B000486528 /* Debug */ = {
			isa = XCBuildConfiguration;
			baseConfigurationReference = F67502C09ED37847CBD63117 /* Pods-Base-Project.debug.xcconfig */;
			buildSettings = {
				ASSETCATALOG_COMPILER_APPICON_NAME = AppIcon;
				CODE_SIGN_STYLE = Automatic;
				DEVELOPMENT_TEAM = 924RDGY8WL;
				FRAMEWORK_SEARCH_PATHS = (
					"$(inherited)",
					"$(PROJECT_DIR)/Carthage/Build/iOS",
				);
				INFOPLIST_FILE = "Base-Project/Info.plist";
				LD_RUNPATH_SEARCH_PATHS = "$(inherited) @executable_path/Frameworks";
				PRODUCT_BUNDLE_IDENTIFIER = "com.tedmob.Base-Project";
				PRODUCT_NAME = "$(TARGET_NAME)";
				SWIFT_VERSION = 4.0;
				TARGETED_DEVICE_FAMILY = "1,2";
			};
			name = Debug;
		};
		1122393E1FD5C7B000486528 /* Release */ = {
			isa = XCBuildConfiguration;
			baseConfigurationReference = 0A6FC7C665C3EC115CF8C0BC /* Pods-Base-Project.release.xcconfig */;
			buildSettings = {
				ASSETCATALOG_COMPILER_APPICON_NAME = AppIcon;
				CODE_SIGN_STYLE = Automatic;
				DEVELOPMENT_TEAM = 924RDGY8WL;
				FRAMEWORK_SEARCH_PATHS = (
					"$(inherited)",
					"$(PROJECT_DIR)/Carthage/Build/iOS",
				);
				INFOPLIST_FILE = "Base-Project/Info.plist";
				LD_RUNPATH_SEARCH_PATHS = "$(inherited) @executable_path/Frameworks";
				PRODUCT_BUNDLE_IDENTIFIER = "com.tedmob.Base-Project";
				PRODUCT_NAME = "$(TARGET_NAME)";
				SWIFT_VERSION = 4.0;
				TARGETED_DEVICE_FAMILY = "1,2";
			};
			name = Release;
		};
/* End XCBuildConfiguration section */

/* Begin XCConfigurationList section */
		1122390C1FD5C7AF00486528 /* Build configuration list for PBXProject "Base-Project" */ = {
			isa = XCConfigurationList;
			buildConfigurations = (
				1122393A1FD5C7B000486528 /* Debug */,
				1122393B1FD5C7B000486528 /* Release */,
			);
			defaultConfigurationIsVisible = 0;
			defaultConfigurationName = Release;
		};
		1122393C1FD5C7B000486528 /* Build configuration list for PBXNativeTarget "Base-Project" */ = {
			isa = XCConfigurationList;
			buildConfigurations = (
				1122393D1FD5C7B000486528 /* Debug */,
				1122393E1FD5C7B000486528 /* Release */,
			);
			defaultConfigurationIsVisible = 0;
			defaultConfigurationName = Release;
		};
/* End XCConfigurationList section */
	};
	rootObject = 112239091FD5C7AF00486528 /* Project object */;
}
