// !$*UTF8*$!
{
	archiveVersion = 1;
	classes = {
	};
	objectVersion = 48;
	objects = {

/* Begin PBXBuildFile section */
		112239151FD5C7AF00486528 /* AppDelegate.swift in Sources */ = {isa = PBXBuildFile; fileRef = 112239141FD5C7AF00486528 /* AppDelegate.swift */; };
		112239171FD5C7AF00486528 /* Initial View Controller.swift in Sources */ = {isa = PBXBuildFile; fileRef = 112239161FD5C7AF00486528 /* Initial View Controller.swift */; };
		1122391A1FD5C7AF00486528 /* Main.storyboard in Resources */ = {isa = PBXBuildFile; fileRef = 112239181FD5C7AF00486528 /* Main.storyboard */; };
		1122391D1FD5C7B000486528 /* Base_Project.xcdatamodeld in Sources */ = {isa = PBXBuildFile; fileRef = 1122391B1FD5C7B000486528 /* Base_Project.xcdatamodeld */; };
		1122391F1FD5C7B000486528 /* Assets.xcassets in Resources */ = {isa = PBXBuildFile; fileRef = 1122391E1FD5C7B000486528 /* Assets.xcassets */; };
		112239221FD5C7B000486528 /* LaunchScreen.storyboard in Resources */ = {isa = PBXBuildFile; fileRef = 112239201FD5C7B000486528 /* LaunchScreen.storyboard */; };
		1122392D1FD5C7B000486528 /* Base_ProjectTests.swift in Sources */ = {isa = PBXBuildFile; fileRef = 1122392C1FD5C7B000486528 /* Base_ProjectTests.swift */; };
		112239381FD5C7B000486528 /* Base_ProjectUITests.swift in Sources */ = {isa = PBXBuildFile; fileRef = 112239371FD5C7B000486528 /* Base_ProjectUITests.swift */; };
		117C4AAB1FD86050008BB445 /* Utilities.swift in Sources */ = {isa = PBXBuildFile; fileRef = 117C4AAA1FD86050008BB445 /* Utilities.swift */; };
		117C4AAE1FD864AD008BB445 /* UIView+Extensions.swift in Sources */ = {isa = PBXBuildFile; fileRef = 117C4AAD1FD864AD008BB445 /* UIView+Extensions.swift */; };
		117C4AB01FD864DE008BB445 /* UILabel+Extensions.swift in Sources */ = {isa = PBXBuildFile; fileRef = 117C4AAF1FD864DE008BB445 /* UILabel+Extensions.swift */; };
		117C4AB21FD864FD008BB445 /* String+Extensions.swift in Sources */ = {isa = PBXBuildFile; fileRef = 117C4AB11FD864FD008BB445 /* String+Extensions.swift */; };
		117C4AB41FD8652B008BB445 /* NSIndexPath+Extensions.swift in Sources */ = {isa = PBXBuildFile; fileRef = 117C4AB31FD8652B008BB445 /* NSIndexPath+Extensions.swift */; };
		117C4AB61FD86544008BB445 /* UIPageViewController+Extensions.swift in Sources */ = {isa = PBXBuildFile; fileRef = 117C4AB51FD86544008BB445 /* UIPageViewController+Extensions.swift */; };
		54A410631E11A7EFA321EC54 /* Pods_Base_ProjectUITests.framework in Frameworks */ = {isa = PBXBuildFile; fileRef = BA9D4500D3227DE112A8F750 /* Pods_Base_ProjectUITests.framework */; };
		99008605CE3955994F2C1F9F /* Pods_Base_Project.framework in Frameworks */ = {isa = PBXBuildFile; fileRef = E4E247135C4897C85DCF2DAC /* Pods_Base_Project.framework */; };
		CF7BC66A1FD8F739008E80AC /* RxCocoa.framework in Frameworks */ = {isa = PBXBuildFile; fileRef = CF7BC6641FD8F739008E80AC /* RxCocoa.framework */; };
		CF7BC66B1FD8F739008E80AC /* Alamofire.framework in Frameworks */ = {isa = PBXBuildFile; fileRef = CF7BC6651FD8F739008E80AC /* Alamofire.framework */; };
		CF7BC66C1FD8F739008E80AC /* RxMoya.framework in Frameworks */ = {isa = PBXBuildFile; fileRef = CF7BC6661FD8F739008E80AC /* RxMoya.framework */; };
		CF7BC66D1FD8F739008E80AC /* RxSwift.framework in Frameworks */ = {isa = PBXBuildFile; fileRef = CF7BC6671FD8F739008E80AC /* RxSwift.framework */; };
		CF7BC66E1FD8F739008E80AC /* Moya.framework in Frameworks */ = {isa = PBXBuildFile; fileRef = CF7BC6681FD8F739008E80AC /* Moya.framework */; };
		CF7BC66F1FD8F739008E80AC /* ObjectMapper.framework in Frameworks */ = {isa = PBXBuildFile; fileRef = CF7BC6691FD8F739008E80AC /* ObjectMapper.framework */; };
		CF7BC6721FD91327008E80AC /* CoreDataManager.swift in Sources */ = {isa = PBXBuildFile; fileRef = CF7BC6711FD91327008E80AC /* CoreDataManager.swift */; };
		CF7BC6771FD91D83008E80AC /* Single+ObjectMapper.swift in Sources */ = {isa = PBXBuildFile; fileRef = CF7BC6741FD91D82008E80AC /* Single+ObjectMapper.swift */; };
		CF7BC6781FD91D83008E80AC /* Response+ObjectMapper.swift in Sources */ = {isa = PBXBuildFile; fileRef = CF7BC6751FD91D82008E80AC /* Response+ObjectMapper.swift */; };
		CF7BC6791FD91D83008E80AC /* ObservableType+ObjectMapper.swift in Sources */ = {isa = PBXBuildFile; fileRef = CF7BC6761FD91D82008E80AC /* ObservableType+ObjectMapper.swift */; };
		E0CC15EF471A5E356E969056 /* Pods_Base_ProjectTests.framework in Frameworks */ = {isa = PBXBuildFile; fileRef = ABEAEF5E352DAFF712E4D298 /* Pods_Base_ProjectTests.framework */; };
/* End PBXBuildFile section */

/* Begin PBXContainerItemProxy section */
		112239291FD5C7B000486528 /* PBXContainerItemProxy */ = {
			isa = PBXContainerItemProxy;
			containerPortal = 112239091FD5C7AF00486528 /* Project object */;
			proxyType = 1;
			remoteGlobalIDString = 112239101FD5C7AF00486528;
			remoteInfo = "Base-Project";
		};
		112239341FD5C7B000486528 /* PBXContainerItemProxy */ = {
			isa = PBXContainerItemProxy;
			containerPortal = 112239091FD5C7AF00486528 /* Project object */;
			proxyType = 1;
			remoteGlobalIDString = 112239101FD5C7AF00486528;
			remoteInfo = "Base-Project";
		};
/* End PBXContainerItemProxy section */

/* Begin PBXFileReference section */
		08B4ADA7226DB1013251B595 /* Pods-Base-ProjectUITests.release.xcconfig */ = {isa = PBXFileReference; includeInIndex = 1; lastKnownFileType = text.xcconfig; name = "Pods-Base-ProjectUITests.release.xcconfig"; path = "Pods/Target Support Files/Pods-Base-ProjectUITests/Pods-Base-ProjectUITests.release.xcconfig"; sourceTree = "<group>"; };
		112239111FD5C7AF00486528 /* Base-Project.app */ = {isa = PBXFileReference; explicitFileType = wrapper.application; includeInIndex = 0; path = "Base-Project.app"; sourceTree = BUILT_PRODUCTS_DIR; };
		112239141FD5C7AF00486528 /* AppDelegate.swift */ = {isa = PBXFileReference; lastKnownFileType = sourcecode.swift; path = AppDelegate.swift; sourceTree = "<group>"; };
		112239161FD5C7AF00486528 /* Initial View Controller.swift */ = {isa = PBXFileReference; lastKnownFileType = sourcecode.swift; path = "Initial View Controller.swift"; sourceTree = "<group>"; };
		112239191FD5C7AF00486528 /* Base */ = {isa = PBXFileReference; lastKnownFileType = file.storyboard; name = Base; path = Base.lproj/Main.storyboard; sourceTree = "<group>"; };
		1122391C1FD5C7B000486528 /* Base_Project.xcdatamodel */ = {isa = PBXFileReference; lastKnownFileType = wrapper.xcdatamodel; path = Base_Project.xcdatamodel; sourceTree = "<group>"; };
		1122391E1FD5C7B000486528 /* Assets.xcassets */ = {isa = PBXFileReference; lastKnownFileType = folder.assetcatalog; path = Assets.xcassets; sourceTree = "<group>"; };
		112239211FD5C7B000486528 /* Base */ = {isa = PBXFileReference; lastKnownFileType = file.storyboard; name = Base; path = Base.lproj/LaunchScreen.storyboard; sourceTree = "<group>"; };
		112239231FD5C7B000486528 /* Info.plist */ = {isa = PBXFileReference; lastKnownFileType = text.plist.xml; path = Info.plist; sourceTree = "<group>"; };
		112239281FD5C7B000486528 /* Base-ProjectTests.xctest */ = {isa = PBXFileReference; explicitFileType = wrapper.cfbundle; includeInIndex = 0; path = "Base-ProjectTests.xctest"; sourceTree = BUILT_PRODUCTS_DIR; };
		1122392C1FD5C7B000486528 /* Base_ProjectTests.swift */ = {isa = PBXFileReference; lastKnownFileType = sourcecode.swift; path = Base_ProjectTests.swift; sourceTree = "<group>"; };
		1122392E1FD5C7B000486528 /* Info.plist */ = {isa = PBXFileReference; lastKnownFileType = text.plist.xml; path = Info.plist; sourceTree = "<group>"; };
		112239331FD5C7B000486528 /* Base-ProjectUITests.xctest */ = {isa = PBXFileReference; explicitFileType = wrapper.cfbundle; includeInIndex = 0; path = "Base-ProjectUITests.xctest"; sourceTree = BUILT_PRODUCTS_DIR; };
		112239371FD5C7B000486528 /* Base_ProjectUITests.swift */ = {isa = PBXFileReference; lastKnownFileType = sourcecode.swift; path = Base_ProjectUITests.swift; sourceTree = "<group>"; };
		112239391FD5C7B000486528 /* Info.plist */ = {isa = PBXFileReference; lastKnownFileType = text.plist.xml; path = Info.plist; sourceTree = "<group>"; };
		117C4AAA1FD86050008BB445 /* Utilities.swift */ = {isa = PBXFileReference; lastKnownFileType = sourcecode.swift; path = Utilities.swift; sourceTree = "<group>"; };
		117C4AAD1FD864AD008BB445 /* UIView+Extensions.swift */ = {isa = PBXFileReference; lastKnownFileType = sourcecode.swift; path = "UIView+Extensions.swift"; sourceTree = "<group>"; };
		117C4AAF1FD864DE008BB445 /* UILabel+Extensions.swift */ = {isa = PBXFileReference; lastKnownFileType = sourcecode.swift; path = "UILabel+Extensions.swift"; sourceTree = "<group>"; };
		117C4AB11FD864FD008BB445 /* String+Extensions.swift */ = {isa = PBXFileReference; lastKnownFileType = sourcecode.swift; path = "String+Extensions.swift"; sourceTree = "<group>"; };
		117C4AB31FD8652B008BB445 /* NSIndexPath+Extensions.swift */ = {isa = PBXFileReference; lastKnownFileType = sourcecode.swift; path = "NSIndexPath+Extensions.swift"; sourceTree = "<group>"; };
		117C4AB51FD86544008BB445 /* UIPageViewController+Extensions.swift */ = {isa = PBXFileReference; lastKnownFileType = sourcecode.swift; path = "UIPageViewController+Extensions.swift"; sourceTree = "<group>"; };
		49EC74E9790D820D3FD635E0 /* Pods-Base-ProjectTests.debug.xcconfig */ = {isa = PBXFileReference; includeInIndex = 1; lastKnownFileType = text.xcconfig; name = "Pods-Base-ProjectTests.debug.xcconfig"; path = "Pods/Target Support Files/Pods-Base-ProjectTests/Pods-Base-ProjectTests.debug.xcconfig"; sourceTree = "<group>"; };
		597BECA7F0DFACD75B74FE9E /* Pods-Base-Project.release.xcconfig */ = {isa = PBXFileReference; includeInIndex = 1; lastKnownFileType = text.xcconfig; name = "Pods-Base-Project.release.xcconfig"; path = "Pods/Target Support Files/Pods-Base-Project/Pods-Base-Project.release.xcconfig"; sourceTree = "<group>"; };
		5AE375F58773C1F561627B8E /* Pods-Base-ProjectTests.release.xcconfig */ = {isa = PBXFileReference; includeInIndex = 1; lastKnownFileType = text.xcconfig; name = "Pods-Base-ProjectTests.release.xcconfig"; path = "Pods/Target Support Files/Pods-Base-ProjectTests/Pods-Base-ProjectTests.release.xcconfig"; sourceTree = "<group>"; };
		70F61E9C60DF693256EBC416 /* Pods-Base-ProjectUITests.debug.xcconfig */ = {isa = PBXFileReference; includeInIndex = 1; lastKnownFileType = text.xcconfig; name = "Pods-Base-ProjectUITests.debug.xcconfig"; path = "Pods/Target Support Files/Pods-Base-ProjectUITests/Pods-Base-ProjectUITests.debug.xcconfig"; sourceTree = "<group>"; };
		ABEAEF5E352DAFF712E4D298 /* Pods_Base_ProjectTests.framework */ = {isa = PBXFileReference; explicitFileType = wrapper.framework; includeInIndex = 0; path = Pods_Base_ProjectTests.framework; sourceTree = BUILT_PRODUCTS_DIR; };
		BA9D4500D3227DE112A8F750 /* Pods_Base_ProjectUITests.framework */ = {isa = PBXFileReference; explicitFileType = wrapper.framework; includeInIndex = 0; path = Pods_Base_ProjectUITests.framework; sourceTree = BUILT_PRODUCTS_DIR; };
		CF7BC6641FD8F739008E80AC /* RxCocoa.framework */ = {isa = PBXFileReference; lastKnownFileType = wrapper.framework; name = RxCocoa.framework; path = Carthage/Build/iOS/RxCocoa.framework; sourceTree = "<group>"; };
		CF7BC6651FD8F739008E80AC /* Alamofire.framework */ = {isa = PBXFileReference; lastKnownFileType = wrapper.framework; name = Alamofire.framework; path = Carthage/Build/iOS/Alamofire.framework; sourceTree = "<group>"; };
		CF7BC6661FD8F739008E80AC /* RxMoya.framework */ = {isa = PBXFileReference; lastKnownFileType = wrapper.framework; name = RxMoya.framework; path = Carthage/Build/iOS/RxMoya.framework; sourceTree = "<group>"; };
		CF7BC6671FD8F739008E80AC /* RxSwift.framework */ = {isa = PBXFileReference; lastKnownFileType = wrapper.framework; name = RxSwift.framework; path = Carthage/Build/iOS/RxSwift.framework; sourceTree = "<group>"; };
		CF7BC6681FD8F739008E80AC /* Moya.framework */ = {isa = PBXFileReference; lastKnownFileType = wrapper.framework; name = Moya.framework; path = Carthage/Build/iOS/Moya.framework; sourceTree = "<group>"; };
		CF7BC6691FD8F739008E80AC /* ObjectMapper.framework */ = {isa = PBXFileReference; lastKnownFileType = wrapper.framework; name = ObjectMapper.framework; path = Carthage/Build/iOS/ObjectMapper.framework; sourceTree = "<group>"; };
		CF7BC6711FD91327008E80AC /* CoreDataManager.swift */ = {isa = PBXFileReference; lastKnownFileType = sourcecode.swift; path = CoreDataManager.swift; sourceTree = "<group>"; };
		CF7BC6741FD91D82008E80AC /* Single+ObjectMapper.swift */ = {isa = PBXFileReference; fileEncoding = 4; lastKnownFileType = sourcecode.swift; path = "Single+ObjectMapper.swift"; sourceTree = "<group>"; };
		CF7BC6751FD91D82008E80AC /* Response+ObjectMapper.swift */ = {isa = PBXFileReference; fileEncoding = 4; lastKnownFileType = sourcecode.swift; path = "Response+ObjectMapper.swift"; sourceTree = "<group>"; };
		CF7BC6761FD91D82008E80AC /* ObservableType+ObjectMapper.swift */ = {isa = PBXFileReference; fileEncoding = 4; lastKnownFileType = sourcecode.swift; path = "ObservableType+ObjectMapper.swift"; sourceTree = "<group>"; };
		D6AEAF1E49FBD6B2D5590E59 /* Pods-Base-Project.debug.xcconfig */ = {isa = PBXFileReference; includeInIndex = 1; lastKnownFileType = text.xcconfig; name = "Pods-Base-Project.debug.xcconfig"; path = "Pods/Target Support Files/Pods-Base-Project/Pods-Base-Project.debug.xcconfig"; sourceTree = "<group>"; };
		E4E247135C4897C85DCF2DAC /* Pods_Base_Project.framework */ = {isa = PBXFileReference; explicitFileType = wrapper.framework; includeInIndex = 0; path = Pods_Base_Project.framework; sourceTree = BUILT_PRODUCTS_DIR; };
/* End PBXFileReference section */

/* Begin PBXFrameworksBuildPhase section */
		1122390E1FD5C7AF00486528 /* Frameworks */ = {
			isa = PBXFrameworksBuildPhase;
			buildActionMask = 2147483647;
			files = (
				99008605CE3955994F2C1F9F /* Pods_Base_Project.framework in Frameworks */,
				CF7BC66A1FD8F739008E80AC /* RxCocoa.framework in Frameworks */,
				CF7BC66B1FD8F739008E80AC /* Alamofire.framework in Frameworks */,
				CF7BC66C1FD8F739008E80AC /* RxMoya.framework in Frameworks */,
				CF7BC66D1FD8F739008E80AC /* RxSwift.framework in Frameworks */,
				CF7BC66E1FD8F739008E80AC /* Moya.framework in Frameworks */,
				CF7BC66F1FD8F739008E80AC /* ObjectMapper.framework in Frameworks */,
			);
			runOnlyForDeploymentPostprocessing = 0;
		};
		112239251FD5C7B000486528 /* Frameworks */ = {
			isa = PBXFrameworksBuildPhase;
			buildActionMask = 2147483647;
			files = (
				E0CC15EF471A5E356E969056 /* Pods_Base_ProjectTests.framework in Frameworks */,
			);
			runOnlyForDeploymentPostprocessing = 0;
		};
		112239301FD5C7B000486528 /* Frameworks */ = {
			isa = PBXFrameworksBuildPhase;
			buildActionMask = 2147483647;
			files = (
				54A410631E11A7EFA321EC54 /* Pods_Base_ProjectUITests.framework in Frameworks */,
			);
			runOnlyForDeploymentPostprocessing = 0;
		};
/* End PBXFrameworksBuildPhase section */

/* Begin PBXGroup section */
		112239081FD5C7AF00486528 = {
			isa = PBXGroup;
			children = (
				112239131FD5C7AF00486528 /* Base-Project */,
				1122392B1FD5C7B000486528 /* Base-ProjectTests */,
				112239361FD5C7B000486528 /* Base-ProjectUITests */,
				112239121FD5C7AF00486528 /* Products */,
				6352C50BC3D4014C1F36AC19 /* Pods */,
				8A6CF31932BE5291FACE8092 /* Frameworks */,
			);
			sourceTree = "<group>";
		};
		112239121FD5C7AF00486528 /* Products */ = {
			isa = PBXGroup;
			children = (
				112239111FD5C7AF00486528 /* Base-Project.app */,
				112239281FD5C7B000486528 /* Base-ProjectTests.xctest */,
				112239331FD5C7B000486528 /* Base-ProjectUITests.xctest */,
			);
			name = Products;
			sourceTree = "<group>";
		};
		112239131FD5C7AF00486528 /* Base-Project */ = {
			isa = PBXGroup;
			children = (
				117C4AA81FD86028008BB445 /* Helpers */,
				112239161FD5C7AF00486528 /* Initial View Controller.swift */,
				112239181FD5C7AF00486528 /* Main.storyboard */,
				1122391E1FD5C7B000486528 /* Assets.xcassets */,
				112239201FD5C7B000486528 /* LaunchScreen.storyboard */,
				117C4AA61FD85FBF008BB445 /* Data Layer */,
				117C4AA71FD85FCE008BB445 /* Supporting Files */,
			);
			path = "Base-Project";
			sourceTree = "<group>";
		};
		1122392B1FD5C7B000486528 /* Base-ProjectTests */ = {
			isa = PBXGroup;
			children = (
				1122392C1FD5C7B000486528 /* Base_ProjectTests.swift */,
				1122392E1FD5C7B000486528 /* Info.plist */,
			);
			path = "Base-ProjectTests";
			sourceTree = "<group>";
		};
		112239361FD5C7B000486528 /* Base-ProjectUITests */ = {
			isa = PBXGroup;
			children = (
				112239371FD5C7B000486528 /* Base_ProjectUITests.swift */,
				112239391FD5C7B000486528 /* Info.plist */,
			);
			path = "Base-ProjectUITests";
			sourceTree = "<group>";
		};
		117C4AA61FD85FBF008BB445 /* Data Layer */ = {
			isa = PBXGroup;
			children = (
				1122391B1FD5C7B000486528 /* Base_Project.xcdatamodeld */,
				CF7BC6711FD91327008E80AC /* CoreDataManager.swift */,
			);
			path = "Data Layer";
			sourceTree = "<group>";
		};
		117C4AA71FD85FCE008BB445 /* Supporting Files */ = {
			isa = PBXGroup;
			children = (
				112239141FD5C7AF00486528 /* AppDelegate.swift */,
				112239231FD5C7B000486528 /* Info.plist */,
			);
			path = "Supporting Files";
			sourceTree = "<group>";
		};
		117C4AA81FD86028008BB445 /* Helpers */ = {
			isa = PBXGroup;
			children = (
				117C4AAC1FD8645F008BB445 /* Extensions */,
				117C4AA91FD86046008BB445 /* Utilities */,
			);
			path = Helpers;
			sourceTree = "<group>";
		};
		117C4AA91FD86046008BB445 /* Utilities */ = {
			isa = PBXGroup;
			children = (
				117C4AAA1FD86050008BB445 /* Utilities.swift */,
			);
			path = Utilities;
			sourceTree = "<group>";
		};
		117C4AAC1FD8645F008BB445 /* Extensions */ = {
			isa = PBXGroup;
			children = (
				CF7BC6731FD91D75008E80AC /* Moya + Object Mapper */,
				117C4AAD1FD864AD008BB445 /* UIView+Extensions.swift */,
				117C4AAF1FD864DE008BB445 /* UILabel+Extensions.swift */,
				117C4AB11FD864FD008BB445 /* String+Extensions.swift */,
				117C4AB31FD8652B008BB445 /* NSIndexPath+Extensions.swift */,
				117C4AB51FD86544008BB445 /* UIPageViewController+Extensions.swift */,
			);
			path = Extensions;
			sourceTree = "<group>";
		};
		6352C50BC3D4014C1F36AC19 /* Pods */ = {
			isa = PBXGroup;
			children = (
				D6AEAF1E49FBD6B2D5590E59 /* Pods-Base-Project.debug.xcconfig */,
				597BECA7F0DFACD75B74FE9E /* Pods-Base-Project.release.xcconfig */,
				49EC74E9790D820D3FD635E0 /* Pods-Base-ProjectTests.debug.xcconfig */,
				5AE375F58773C1F561627B8E /* Pods-Base-ProjectTests.release.xcconfig */,
				70F61E9C60DF693256EBC416 /* Pods-Base-ProjectUITests.debug.xcconfig */,
				08B4ADA7226DB1013251B595 /* Pods-Base-ProjectUITests.release.xcconfig */,
			);
			name = Pods;
			sourceTree = "<group>";
		};
		8A6CF31932BE5291FACE8092 /* Frameworks */ = {
			isa = PBXGroup;
			children = (
				CF7BC6651FD8F739008E80AC /* Alamofire.framework */,
				CF7BC6681FD8F739008E80AC /* Moya.framework */,
				CF7BC6691FD8F739008E80AC /* ObjectMapper.framework */,
				CF7BC6641FD8F739008E80AC /* RxCocoa.framework */,
				CF7BC6661FD8F739008E80AC /* RxMoya.framework */,
				CF7BC6671FD8F739008E80AC /* RxSwift.framework */,
				E4E247135C4897C85DCF2DAC /* Pods_Base_Project.framework */,
				ABEAEF5E352DAFF712E4D298 /* Pods_Base_ProjectTests.framework */,
				BA9D4500D3227DE112A8F750 /* Pods_Base_ProjectUITests.framework */,
			);
			name = Frameworks;
			sourceTree = "<group>";
		};
		CF7BC6731FD91D75008E80AC /* Moya + Object Mapper */ = {
			isa = PBXGroup;
			children = (
				CF7BC6761FD91D82008E80AC /* ObservableType+ObjectMapper.swift */,
				CF7BC6751FD91D82008E80AC /* Response+ObjectMapper.swift */,
				CF7BC6741FD91D82008E80AC /* Single+ObjectMapper.swift */,
			);
			path = "Moya + Object Mapper";
			sourceTree = "<group>";
		};
/* End PBXGroup section */

/* Begin PBXNativeTarget section */
		112239101FD5C7AF00486528 /* Base-Project */ = {
			isa = PBXNativeTarget;
			buildConfigurationList = 1122393C1FD5C7B000486528 /* Build configuration list for PBXNativeTarget "Base-Project" */;
			buildPhases = (
				0CB79D8A3CFC4C103A004766 /* [CP] Check Pods Manifest.lock */,
				1122390D1FD5C7AF00486528 /* Sources */,
				1122390E1FD5C7AF00486528 /* Frameworks */,
				1122390F1FD5C7AF00486528 /* Resources */,
				28C8B02CFF7CDC0ED8859CFF /* [CP] Embed Pods Frameworks */,
				C501C662E3794042D8A29501 /* [CP] Copy Pods Resources */,
				CF7BC6701FD8F75D008E80AC /* ShellScript */,
			);
			buildRules = (
			);
			dependencies = (
			);
			name = "Base-Project";
			productName = "Base-Project";
			productReference = 112239111FD5C7AF00486528 /* Base-Project.app */;
			productType = "com.apple.product-type.application";
		};
		112239271FD5C7B000486528 /* Base-ProjectTests */ = {
			isa = PBXNativeTarget;
			buildConfigurationList = 1122393F1FD5C7B000486528 /* Build configuration list for PBXNativeTarget "Base-ProjectTests" */;
			buildPhases = (
				BC99EFC4AA7B182697B5DF06 /* [CP] Check Pods Manifest.lock */,
				112239241FD5C7B000486528 /* Sources */,
				112239251FD5C7B000486528 /* Frameworks */,
				112239261FD5C7B000486528 /* Resources */,
				8E66BE6E7424C6BF45BB70A9 /* [CP] Embed Pods Frameworks */,
				ADB5C628B6D9CAEC51D80E0E /* [CP] Copy Pods Resources */,
			);
			buildRules = (
			);
			dependencies = (
				1122392A1FD5C7B000486528 /* PBXTargetDependency */,
			);
			name = "Base-ProjectTests";
			productName = "Base-ProjectTests";
			productReference = 112239281FD5C7B000486528 /* Base-ProjectTests.xctest */;
			productType = "com.apple.product-type.bundle.unit-test";
		};
		112239321FD5C7B000486528 /* Base-ProjectUITests */ = {
			isa = PBXNativeTarget;
			buildConfigurationList = 112239421FD5C7B000486528 /* Build configuration list for PBXNativeTarget "Base-ProjectUITests" */;
			buildPhases = (
				C0046E93FF53A1DCAF4E4B85 /* [CP] Check Pods Manifest.lock */,
				1122392F1FD5C7B000486528 /* Sources */,
				112239301FD5C7B000486528 /* Frameworks */,
				112239311FD5C7B000486528 /* Resources */,
				BE45363DF06A4688C0331DB2 /* [CP] Embed Pods Frameworks */,
				1194802DB909442F763EE3B7 /* [CP] Copy Pods Resources */,
			);
			buildRules = (
			);
			dependencies = (
				112239351FD5C7B000486528 /* PBXTargetDependency */,
			);
			name = "Base-ProjectUITests";
			productName = "Base-ProjectUITests";
			productReference = 112239331FD5C7B000486528 /* Base-ProjectUITests.xctest */;
			productType = "com.apple.product-type.bundle.ui-testing";
		};
/* End PBXNativeTarget section */

/* Begin PBXProject section */
		112239091FD5C7AF00486528 /* Project object */ = {
			isa = PBXProject;
			attributes = {
				LastSwiftUpdateCheck = 0900;
				LastUpgradeCheck = 0900;
				ORGANIZATIONNAME = Tedmob;
				TargetAttributes = {
					112239101FD5C7AF00486528 = {
						CreatedOnToolsVersion = 9.0.1;
						ProvisioningStyle = Automatic;
					};
					112239271FD5C7B000486528 = {
						CreatedOnToolsVersion = 9.0.1;
						ProvisioningStyle = Automatic;
						TestTargetID = 112239101FD5C7AF00486528;
					};
					112239321FD5C7B000486528 = {
						CreatedOnToolsVersion = 9.0.1;
						ProvisioningStyle = Automatic;
						TestTargetID = 112239101FD5C7AF00486528;
					};
				};
			};
			buildConfigurationList = 1122390C1FD5C7AF00486528 /* Build configuration list for PBXProject "Base-Project" */;
			compatibilityVersion = "Xcode 8.0";
			developmentRegion = en;
			hasScannedForEncodings = 0;
			knownRegions = (
				en,
				Base,
			);
			mainGroup = 112239081FD5C7AF00486528;
			productRefGroup = 112239121FD5C7AF00486528 /* Products */;
			projectDirPath = "";
			projectRoot = "";
			targets = (
				112239101FD5C7AF00486528 /* Base-Project */,
				112239271FD5C7B000486528 /* Base-ProjectTests */,
				112239321FD5C7B000486528 /* Base-ProjectUITests */,
			);
		};
/* End PBXProject section */

/* Begin PBXResourcesBuildPhase section */
		1122390F1FD5C7AF00486528 /* Resources */ = {
			isa = PBXResourcesBuildPhase;
			buildActionMask = 2147483647;
			files = (
				112239221FD5C7B000486528 /* LaunchScreen.storyboard in Resources */,
				1122391F1FD5C7B000486528 /* Assets.xcassets in Resources */,
				1122391A1FD5C7AF00486528 /* Main.storyboard in Resources */,
			);
			runOnlyForDeploymentPostprocessing = 0;
		};
		112239261FD5C7B000486528 /* Resources */ = {
			isa = PBXResourcesBuildPhase;
			buildActionMask = 2147483647;
			files = (
			);
			runOnlyForDeploymentPostprocessing = 0;
		};
		112239311FD5C7B000486528 /* Resources */ = {
			isa = PBXResourcesBuildPhase;
			buildActionMask = 2147483647;
			files = (
			);
			runOnlyForDeploymentPostprocessing = 0;
		};
/* End PBXResourcesBuildPhase section */

/* Begin PBXShellScriptBuildPhase section */
		0CB79D8A3CFC4C103A004766 /* [CP] Check Pods Manifest.lock */ = {
			isa = PBXShellScriptBuildPhase;
			buildActionMask = 2147483647;
			files = (
			);
			inputPaths = (
				"${PODS_PODFILE_DIR_PATH}/Podfile.lock",
				"${PODS_ROOT}/Manifest.lock",
			);
			name = "[CP] Check Pods Manifest.lock";
			outputPaths = (
				"$(DERIVED_FILE_DIR)/Pods-Base-Project-checkManifestLockResult.txt",
			);
			runOnlyForDeploymentPostprocessing = 0;
			shellPath = /bin/sh;
			shellScript = "diff \"${PODS_PODFILE_DIR_PATH}/Podfile.lock\" \"${PODS_ROOT}/Manifest.lock\" > /dev/null\nif [ $? != 0 ] ; then\n    # print error to STDERR\n    echo \"error: The sandbox is not in sync with the Podfile.lock. Run 'pod install' or update your CocoaPods installation.\" >&2\n    exit 1\nfi\n# This output is used by Xcode 'outputs' to avoid re-running this script phase.\necho \"SUCCESS\" > \"${SCRIPT_OUTPUT_FILE_0}\"\n";
			showEnvVarsInLog = 0;
		};
		1194802DB909442F763EE3B7 /* [CP] Copy Pods Resources */ = {
			isa = PBXShellScriptBuildPhase;
			buildActionMask = 2147483647;
			files = (
			);
			inputPaths = (
			);
			name = "[CP] Copy Pods Resources";
			outputPaths = (
			);
			runOnlyForDeploymentPostprocessing = 0;
			shellPath = /bin/sh;
			shellScript = "\"${SRCROOT}/Pods/Target Support Files/Pods-Base-ProjectUITests/Pods-Base-ProjectUITests-resources.sh\"\n";
			showEnvVarsInLog = 0;
		};
		28C8B02CFF7CDC0ED8859CFF /* [CP] Embed Pods Frameworks */ = {
			isa = PBXShellScriptBuildPhase;
			buildActionMask = 2147483647;
			files = (
			);
			inputPaths = (
			);
			name = "[CP] Embed Pods Frameworks";
			outputPaths = (
			);
			runOnlyForDeploymentPostprocessing = 0;
			shellPath = /bin/sh;
			shellScript = "\"${SRCROOT}/Pods/Target Support Files/Pods-Base-Project/Pods-Base-Project-frameworks.sh\"\n";
			showEnvVarsInLog = 0;
		};
		8E66BE6E7424C6BF45BB70A9 /* [CP] Embed Pods Frameworks */ = {
			isa = PBXShellScriptBuildPhase;
			buildActionMask = 2147483647;
			files = (
			);
			inputPaths = (
			);
			name = "[CP] Embed Pods Frameworks";
			outputPaths = (
			);
			runOnlyForDeploymentPostprocessing = 0;
			shellPath = /bin/sh;
			shellScript = "\"${SRCROOT}/Pods/Target Support Files/Pods-Base-ProjectTests/Pods-Base-ProjectTests-frameworks.sh\"\n";
			showEnvVarsInLog = 0;
		};
		ADB5C628B6D9CAEC51D80E0E /* [CP] Copy Pods Resources */ = {
			isa = PBXShellScriptBuildPhase;
			buildActionMask = 2147483647;
			files = (
			);
			inputPaths = (
			);
			name = "[CP] Copy Pods Resources";
			outputPaths = (
			);
			runOnlyForDeploymentPostprocessing = 0;
			shellPath = /bin/sh;
			shellScript = "\"${SRCROOT}/Pods/Target Support Files/Pods-Base-ProjectTests/Pods-Base-ProjectTests-resources.sh\"\n";
			showEnvVarsInLog = 0;
		};
		BC99EFC4AA7B182697B5DF06 /* [CP] Check Pods Manifest.lock */ = {
			isa = PBXShellScriptBuildPhase;
			buildActionMask = 2147483647;
			files = (
			);
			inputPaths = (
				"${PODS_PODFILE_DIR_PATH}/Podfile.lock",
				"${PODS_ROOT}/Manifest.lock",
			);
			name = "[CP] Check Pods Manifest.lock";
			outputPaths = (
				"$(DERIVED_FILE_DIR)/Pods-Base-ProjectTests-checkManifestLockResult.txt",
			);
			runOnlyForDeploymentPostprocessing = 0;
			shellPath = /bin/sh;
			shellScript = "diff \"${PODS_PODFILE_DIR_PATH}/Podfile.lock\" \"${PODS_ROOT}/Manifest.lock\" > /dev/null\nif [ $? != 0 ] ; then\n    # print error to STDERR\n    echo \"error: The sandbox is not in sync with the Podfile.lock. Run 'pod install' or update your CocoaPods installation.\" >&2\n    exit 1\nfi\n# This output is used by Xcode 'outputs' to avoid re-running this script phase.\necho \"SUCCESS\" > \"${SCRIPT_OUTPUT_FILE_0}\"\n";
			showEnvVarsInLog = 0;
		};
		BE45363DF06A4688C0331DB2 /* [CP] Embed Pods Frameworks */ = {
			isa = PBXShellScriptBuildPhase;
			buildActionMask = 2147483647;
			files = (
			);
			inputPaths = (
			);
			name = "[CP] Embed Pods Frameworks";
			outputPaths = (
			);
			runOnlyForDeploymentPostprocessing = 0;
			shellPath = /bin/sh;
			shellScript = "\"${SRCROOT}/Pods/Target Support Files/Pods-Base-ProjectUITests/Pods-Base-ProjectUITests-frameworks.sh\"\n";
			showEnvVarsInLog = 0;
		};
		C0046E93FF53A1DCAF4E4B85 /* [CP] Check Pods Manifest.lock */ = {
			isa = PBXShellScriptBuildPhase;
			buildActionMask = 2147483647;
			files = (
			);
			inputPaths = (
				"${PODS_PODFILE_DIR_PATH}/Podfile.lock",
				"${PODS_ROOT}/Manifest.lock",
			);
			name = "[CP] Check Pods Manifest.lock";
			outputPaths = (
				"$(DERIVED_FILE_DIR)/Pods-Base-ProjectUITests-checkManifestLockResult.txt",
			);
			runOnlyForDeploymentPostprocessing = 0;
			shellPath = /bin/sh;
			shellScript = "diff \"${PODS_PODFILE_DIR_PATH}/Podfile.lock\" \"${PODS_ROOT}/Manifest.lock\" > /dev/null\nif [ $? != 0 ] ; then\n    # print error to STDERR\n    echo \"error: The sandbox is not in sync with the Podfile.lock. Run 'pod install' or update your CocoaPods installation.\" >&2\n    exit 1\nfi\n# This output is used by Xcode 'outputs' to avoid re-running this script phase.\necho \"SUCCESS\" > \"${SCRIPT_OUTPUT_FILE_0}\"\n";
			showEnvVarsInLog = 0;
		};
		C501C662E3794042D8A29501 /* [CP] Copy Pods Resources */ = {
			isa = PBXShellScriptBuildPhase;
			buildActionMask = 2147483647;
			files = (
			);
			inputPaths = (
			);
			name = "[CP] Copy Pods Resources";
			outputPaths = (
			);
			runOnlyForDeploymentPostprocessing = 0;
			shellPath = /bin/sh;
			shellScript = "\"${SRCROOT}/Pods/Target Support Files/Pods-Base-Project/Pods-Base-Project-resources.sh\"\n";
			showEnvVarsInLog = 0;
		};
		CF7BC6701FD8F75D008E80AC /* ShellScript */ = {
			isa = PBXShellScriptBuildPhase;
			buildActionMask = 2147483647;
			files = (
			);
			inputPaths = (
				"$(SRCROOT)/Carthage/Build/iOS/Alamofire.framework",
				"$(SRCROOT)/Carthage/Build/iOS/Moya.framework",
				"$(SRCROOT)/Carthage/Build/iOS/ObjectMapper.framework",
				"$(SRCROOT)/Carthage/Build/iOS/RxMoya.framework",
				"$(SRCROOT)/Carthage/Build/iOS/RxCocoa.framework",
				"$(SRCROOT)/Carthage/Build/iOS/RxSwift.framework",
				"$(SRCROOT)/Carthage/Build/iOS/Result.framework",
			);
			outputPaths = (
			);
			runOnlyForDeploymentPostprocessing = 0;
			shellPath = /bin/sh;
			shellScript = "/usr/local/bin/carthage copy-frameworks";
		};
/* End PBXShellScriptBuildPhase section */

/* Begin PBXSourcesBuildPhase section */
		1122390D1FD5C7AF00486528 /* Sources */ = {
			isa = PBXSourcesBuildPhase;
			buildActionMask = 2147483647;
			files = (
				117C4AB41FD8652B008BB445 /* NSIndexPath+Extensions.swift in Sources */,
				117C4AB01FD864DE008BB445 /* UILabel+Extensions.swift in Sources */,
				117C4AB21FD864FD008BB445 /* String+Extensions.swift in Sources */,
				112239171FD5C7AF00486528 /* Initial View Controller.swift in Sources */,
				CF7BC6791FD91D83008E80AC /* ObservableType+ObjectMapper.swift in Sources */,
				112239151FD5C7AF00486528 /* AppDelegate.swift in Sources */,
				117C4AAE1FD864AD008BB445 /* UIView+Extensions.swift in Sources */,
				117C4AAB1FD86050008BB445 /* Utilities.swift in Sources */,
				117C4AB61FD86544008BB445 /* UIPageViewController+Extensions.swift in Sources */,
				CF7BC6781FD91D83008E80AC /* Response+ObjectMapper.swift in Sources */,
				CF7BC6771FD91D83008E80AC /* Single+ObjectMapper.swift in Sources */,
				CF7BC6721FD91327008E80AC /* CoreDataManager.swift in Sources */,
				1122391D1FD5C7B000486528 /* Base_Project.xcdatamodeld in Sources */,
			);
			runOnlyForDeploymentPostprocessing = 0;
		};
		112239241FD5C7B000486528 /* Sources */ = {
			isa = PBXSourcesBuildPhase;
			buildActionMask = 2147483647;
			files = (
				1122392D1FD5C7B000486528 /* Base_ProjectTests.swift in Sources */,
			);
			runOnlyForDeploymentPostprocessing = 0;
		};
		1122392F1FD5C7B000486528 /* Sources */ = {
			isa = PBXSourcesBuildPhase;
			buildActionMask = 2147483647;
			files = (
				112239381FD5C7B000486528 /* Base_ProjectUITests.swift in Sources */,
			);
			runOnlyForDeploymentPostprocessing = 0;
		};
/* End PBXSourcesBuildPhase section */

/* Begin PBXTargetDependency section */
		1122392A1FD5C7B000486528 /* PBXTargetDependency */ = {
			isa = PBXTargetDependency;
			target = 112239101FD5C7AF00486528 /* Base-Project */;
			targetProxy = 112239291FD5C7B000486528 /* PBXContainerItemProxy */;
		};
		112239351FD5C7B000486528 /* PBXTargetDependency */ = {
			isa = PBXTargetDependency;
			target = 112239101FD5C7AF00486528 /* Base-Project */;
			targetProxy = 112239341FD5C7B000486528 /* PBXContainerItemProxy */;
		};
/* End PBXTargetDependency section */

/* Begin PBXVariantGroup section */
		112239181FD5C7AF00486528 /* Main.storyboard */ = {
			isa = PBXVariantGroup;
			children = (
				112239191FD5C7AF00486528 /* Base */,
			);
			name = Main.storyboard;
			sourceTree = "<group>";
		};
		112239201FD5C7B000486528 /* LaunchScreen.storyboard */ = {
			isa = PBXVariantGroup;
			children = (
				112239211FD5C7B000486528 /* Base */,
			);
			name = LaunchScreen.storyboard;
			sourceTree = "<group>";
		};
/* End PBXVariantGroup section */

/* Begin XCBuildConfiguration section */
		1122393A1FD5C7B000486528 /* Debug */ = {
			isa = XCBuildConfiguration;
			buildSettings = {
				ALWAYS_SEARCH_USER_PATHS = NO;
				CLANG_ANALYZER_NONNULL = YES;
				CLANG_ANALYZER_NUMBER_OBJECT_CONVERSION = YES_AGGRESSIVE;
				CLANG_CXX_LANGUAGE_STANDARD = "gnu++14";
				CLANG_CXX_LIBRARY = "libc++";
				CLANG_ENABLE_MODULES = YES;
				CLANG_ENABLE_OBJC_ARC = YES;
				CLANG_WARN_BLOCK_CAPTURE_AUTORELEASING = YES;
				CLANG_WARN_BOOL_CONVERSION = YES;
				CLANG_WARN_COMMA = YES;
				CLANG_WARN_CONSTANT_CONVERSION = YES;
				CLANG_WARN_DIRECT_OBJC_ISA_USAGE = YES_ERROR;
				CLANG_WARN_DOCUMENTATION_COMMENTS = YES;
				CLANG_WARN_EMPTY_BODY = YES;
				CLANG_WARN_ENUM_CONVERSION = YES;
				CLANG_WARN_INFINITE_RECURSION = YES;
				CLANG_WARN_INT_CONVERSION = YES;
				CLANG_WARN_NON_LITERAL_NULL_CONVERSION = YES;
				CLANG_WARN_OBJC_LITERAL_CONVERSION = YES;
				CLANG_WARN_OBJC_ROOT_CLASS = YES_ERROR;
				CLANG_WARN_RANGE_LOOP_ANALYSIS = YES;
				CLANG_WARN_STRICT_PROTOTYPES = YES;
				CLANG_WARN_SUSPICIOUS_MOVE = YES;
				CLANG_WARN_UNGUARDED_AVAILABILITY = YES_AGGRESSIVE;
				CLANG_WARN_UNREACHABLE_CODE = YES;
				CLANG_WARN__DUPLICATE_METHOD_MATCH = YES;
				CODE_SIGN_IDENTITY = "iPhone Developer";
				COPY_PHASE_STRIP = NO;
				DEBUG_INFORMATION_FORMAT = dwarf;
				ENABLE_STRICT_OBJC_MSGSEND = YES;
				ENABLE_TESTABILITY = YES;
				GCC_C_LANGUAGE_STANDARD = gnu11;
				GCC_DYNAMIC_NO_PIC = NO;
				GCC_NO_COMMON_BLOCKS = YES;
				GCC_OPTIMIZATION_LEVEL = 0;
				GCC_PREPROCESSOR_DEFINITIONS = (
					"DEBUG=1",
					"$(inherited)",
				);
				GCC_WARN_64_TO_32_BIT_CONVERSION = YES;
				GCC_WARN_ABOUT_RETURN_TYPE = YES_ERROR;
				GCC_WARN_UNDECLARED_SELECTOR = YES;
				GCC_WARN_UNINITIALIZED_AUTOS = YES_AGGRESSIVE;
				GCC_WARN_UNUSED_FUNCTION = YES;
				GCC_WARN_UNUSED_VARIABLE = YES;
				IPHONEOS_DEPLOYMENT_TARGET = 11.0;
				MTL_ENABLE_DEBUG_INFO = YES;
				ONLY_ACTIVE_ARCH = YES;
				SDKROOT = iphoneos;
				SWIFT_ACTIVE_COMPILATION_CONDITIONS = DEBUG;
				SWIFT_OPTIMIZATION_LEVEL = "-Onone";
			};
			name = Debug;
		};
		1122393B1FD5C7B000486528 /* Release */ = {
			isa = XCBuildConfiguration;
			buildSettings = {
				ALWAYS_SEARCH_USER_PATHS = NO;
				CLANG_ANALYZER_NONNULL = YES;
				CLANG_ANALYZER_NUMBER_OBJECT_CONVERSION = YES_AGGRESSIVE;
				CLANG_CXX_LANGUAGE_STANDARD = "gnu++14";
				CLANG_CXX_LIBRARY = "libc++";
				CLANG_ENABLE_MODULES = YES;
				CLANG_ENABLE_OBJC_ARC = YES;
				CLANG_WARN_BLOCK_CAPTURE_AUTORELEASING = YES;
				CLANG_WARN_BOOL_CONVERSION = YES;
				CLANG_WARN_COMMA = YES;
				CLANG_WARN_CONSTANT_CONVERSION = YES;
				CLANG_WARN_DIRECT_OBJC_ISA_USAGE = YES_ERROR;
				CLANG_WARN_DOCUMENTATION_COMMENTS = YES;
				CLANG_WARN_EMPTY_BODY = YES;
				CLANG_WARN_ENUM_CONVERSION = YES;
				CLANG_WARN_INFINITE_RECURSION = YES;
				CLANG_WARN_INT_CONVERSION = YES;
				CLANG_WARN_NON_LITERAL_NULL_CONVERSION = YES;
				CLANG_WARN_OBJC_LITERAL_CONVERSION = YES;
				CLANG_WARN_OBJC_ROOT_CLASS = YES_ERROR;
				CLANG_WARN_RANGE_LOOP_ANALYSIS = YES;
				CLANG_WARN_STRICT_PROTOTYPES = YES;
				CLANG_WARN_SUSPICIOUS_MOVE = YES;
				CLANG_WARN_UNGUARDED_AVAILABILITY = YES_AGGRESSIVE;
				CLANG_WARN_UNREACHABLE_CODE = YES;
				CLANG_WARN__DUPLICATE_METHOD_MATCH = YES;
				CODE_SIGN_IDENTITY = "iPhone Developer";
				COPY_PHASE_STRIP = NO;
				DEBUG_INFORMATION_FORMAT = "dwarf-with-dsym";
				ENABLE_NS_ASSERTIONS = NO;
				ENABLE_STRICT_OBJC_MSGSEND = YES;
				GCC_C_LANGUAGE_STANDARD = gnu11;
				GCC_NO_COMMON_BLOCKS = YES;
				GCC_WARN_64_TO_32_BIT_CONVERSION = YES;
				GCC_WARN_ABOUT_RETURN_TYPE = YES_ERROR;
				GCC_WARN_UNDECLARED_SELECTOR = YES;
				GCC_WARN_UNINITIALIZED_AUTOS = YES_AGGRESSIVE;
				GCC_WARN_UNUSED_FUNCTION = YES;
				GCC_WARN_UNUSED_VARIABLE = YES;
				IPHONEOS_DEPLOYMENT_TARGET = 11.0;
				MTL_ENABLE_DEBUG_INFO = NO;
				SDKROOT = iphoneos;
				SWIFT_OPTIMIZATION_LEVEL = "-Owholemodule";
				VALIDATE_PRODUCT = YES;
			};
			name = Release;
		};
		1122393D1FD5C7B000486528 /* Debug */ = {
			isa = XCBuildConfiguration;
			baseConfigurationReference = D6AEAF1E49FBD6B2D5590E59 /* Pods-Base-Project.debug.xcconfig */;
			buildSettings = {
				ASSETCATALOG_COMPILER_APPICON_NAME = AppIcon;
				CODE_SIGN_STYLE = Automatic;
				DEVELOPMENT_TEAM = 924RDGY8WL;
				FRAMEWORK_SEARCH_PATHS = (
					"$(inherited)",
					"$(PROJECT_DIR)/Carthage/Build/iOS",
				);
				INFOPLIST_FILE = "Base-Project/Info.plist";
				LD_RUNPATH_SEARCH_PATHS = "$(inherited) @executable_path/Frameworks";
				PRODUCT_BUNDLE_IDENTIFIER = "com.tedmob.Base-Project";
				PRODUCT_NAME = "$(TARGET_NAME)";
				SWIFT_VERSION = 4.0;
				TARGETED_DEVICE_FAMILY = "1,2";
			};
			name = Debug;
		};
		1122393E1FD5C7B000486528 /* Release */ = {
			isa = XCBuildConfiguration;
			baseConfigurationReference = 597BECA7F0DFACD75B74FE9E /* Pods-Base-Project.release.xcconfig */;
			buildSettings = {
				ASSETCATALOG_COMPILER_APPICON_NAME = AppIcon;
				CODE_SIGN_STYLE = Automatic;
				DEVELOPMENT_TEAM = 924RDGY8WL;
				FRAMEWORK_SEARCH_PATHS = (
					"$(inherited)",
					"$(PROJECT_DIR)/Carthage/Build/iOS",
				);
				INFOPLIST_FILE = "Base-Project/Info.plist";
				LD_RUNPATH_SEARCH_PATHS = "$(inherited) @executable_path/Frameworks";
				PRODUCT_BUNDLE_IDENTIFIER = "com.tedmob.Base-Project";
				PRODUCT_NAME = "$(TARGET_NAME)";
				SWIFT_VERSION = 4.0;
				TARGETED_DEVICE_FAMILY = "1,2";
			};
			name = Release;
		};
		112239401FD5C7B000486528 /* Debug */ = {
			isa = XCBuildConfiguration;
			baseConfigurationReference = 49EC74E9790D820D3FD635E0 /* Pods-Base-ProjectTests.debug.xcconfig */;
			buildSettings = {
				ALWAYS_EMBED_SWIFT_STANDARD_LIBRARIES = YES;
				BUNDLE_LOADER = "$(TEST_HOST)";
				CODE_SIGN_STYLE = Automatic;
				DEVELOPMENT_TEAM = 924RDGY8WL;
				INFOPLIST_FILE = "Base-ProjectTests/Info.plist";
				LD_RUNPATH_SEARCH_PATHS = "$(inherited) @executable_path/Frameworks @loader_path/Frameworks";
				PRODUCT_BUNDLE_IDENTIFIER = "com.tedmob.Base-ProjectTests";
				PRODUCT_NAME = "$(TARGET_NAME)";
				SWIFT_VERSION = 4.0;
				TARGETED_DEVICE_FAMILY = "1,2";
				TEST_HOST = "$(BUILT_PRODUCTS_DIR)/Base-Project.app/Base-Project";
			};
			name = Debug;
		};
		112239411FD5C7B000486528 /* Release */ = {
			isa = XCBuildConfiguration;
			baseConfigurationReference = 5AE375F58773C1F561627B8E /* Pods-Base-ProjectTests.release.xcconfig */;
			buildSettings = {
				ALWAYS_EMBED_SWIFT_STANDARD_LIBRARIES = YES;
				BUNDLE_LOADER = "$(TEST_HOST)";
				CODE_SIGN_STYLE = Automatic;
				DEVELOPMENT_TEAM = 924RDGY8WL;
				INFOPLIST_FILE = "Base-ProjectTests/Info.plist";
				LD_RUNPATH_SEARCH_PATHS = "$(inherited) @executable_path/Frameworks @loader_path/Frameworks";
				PRODUCT_BUNDLE_IDENTIFIER = "com.tedmob.Base-ProjectTests";
				PRODUCT_NAME = "$(TARGET_NAME)";
				SWIFT_VERSION = 4.0;
				TARGETED_DEVICE_FAMILY = "1,2";
				TEST_HOST = "$(BUILT_PRODUCTS_DIR)/Base-Project.app/Base-Project";
			};
			name = Release;
		};
		112239431FD5C7B000486528 /* Debug */ = {
			isa = XCBuildConfiguration;
			baseConfigurationReference = 70F61E9C60DF693256EBC416 /* Pods-Base-ProjectUITests.debug.xcconfig */;
			buildSettings = {
				ALWAYS_EMBED_SWIFT_STANDARD_LIBRARIES = YES;
				CODE_SIGN_STYLE = Automatic;
				DEVELOPMENT_TEAM = 924RDGY8WL;
				INFOPLIST_FILE = "Base-ProjectUITests/Info.plist";
				LD_RUNPATH_SEARCH_PATHS = "$(inherited) @executable_path/Frameworks @loader_path/Frameworks";
				PRODUCT_BUNDLE_IDENTIFIER = "com.tedmob.Base-ProjectUITests";
				PRODUCT_NAME = "$(TARGET_NAME)";
				SWIFT_VERSION = 4.0;
				TARGETED_DEVICE_FAMILY = "1,2";
				TEST_TARGET_NAME = "Base-Project";
			};
			name = Debug;
		};
		112239441FD5C7B000486528 /* Release */ = {
			isa = XCBuildConfiguration;
			baseConfigurationReference = 08B4ADA7226DB1013251B595 /* Pods-Base-ProjectUITests.release.xcconfig */;
			buildSettings = {
				ALWAYS_EMBED_SWIFT_STANDARD_LIBRARIES = YES;
				CODE_SIGN_STYLE = Automatic;
				DEVELOPMENT_TEAM = 924RDGY8WL;
				INFOPLIST_FILE = "Base-ProjectUITests/Info.plist";
				LD_RUNPATH_SEARCH_PATHS = "$(inherited) @executable_path/Frameworks @loader_path/Frameworks";
				PRODUCT_BUNDLE_IDENTIFIER = "com.tedmob.Base-ProjectUITests";
				PRODUCT_NAME = "$(TARGET_NAME)";
				SWIFT_VERSION = 4.0;
				TARGETED_DEVICE_FAMILY = "1,2";
				TEST_TARGET_NAME = "Base-Project";
			};
			name = Release;
		};
/* End XCBuildConfiguration section */

/* Begin XCConfigurationList section */
		1122390C1FD5C7AF00486528 /* Build configuration list for PBXProject "Base-Project" */ = {
			isa = XCConfigurationList;
			buildConfigurations = (
				1122393A1FD5C7B000486528 /* Debug */,
				1122393B1FD5C7B000486528 /* Release */,
			);
			defaultConfigurationIsVisible = 0;
			defaultConfigurationName = Release;
		};
		1122393C1FD5C7B000486528 /* Build configuration list for PBXNativeTarget "Base-Project" */ = {
			isa = XCConfigurationList;
			buildConfigurations = (
				1122393D1FD5C7B000486528 /* Debug */,
				1122393E1FD5C7B000486528 /* Release */,
			);
			defaultConfigurationIsVisible = 0;
			defaultConfigurationName = Release;
		};
		1122393F1FD5C7B000486528 /* Build configuration list for PBXNativeTarget "Base-ProjectTests" */ = {
			isa = XCConfigurationList;
			buildConfigurations = (
				112239401FD5C7B000486528 /* Debug */,
				112239411FD5C7B000486528 /* Release */,
			);
			defaultConfigurationIsVisible = 0;
			defaultConfigurationName = Release;
		};
		112239421FD5C7B000486528 /* Build configuration list for PBXNativeTarget "Base-ProjectUITests" */ = {
			isa = XCConfigurationList;
			buildConfigurations = (
				112239431FD5C7B000486528 /* Debug */,
				112239441FD5C7B000486528 /* Release */,
			);
			defaultConfigurationIsVisible = 0;
			defaultConfigurationName = Release;
		};
/* End XCConfigurationList section */

/* Begin XCVersionGroup section */
		1122391B1FD5C7B000486528 /* Base_Project.xcdatamodeld */ = {
			isa = XCVersionGroup;
			children = (
				1122391C1FD5C7B000486528 /* Base_Project.xcdatamodel */,
			);
			currentVersion = 1122391C1FD5C7B000486528 /* Base_Project.xcdatamodel */;
			path = Base_Project.xcdatamodeld;
			sourceTree = "<group>";
			versionGroupType = wrapper.xcdatamodel;
		};
/* End XCVersionGroup section */
	};
	rootObject = 112239091FD5C7AF00486528 /* Project object */;
}
